PODS:
  - Crashlytics (3.6.0):
    - Fabric (~> 1.6.3)
  - Fabric (1.6.5)
  - FontAwesome-iOS (0.0.4)
  - PureLayout (3.0.1)
  - Spring (1.0.3)
  - SwiftRaisedTab (0.2.0)
  - SwiftSpinner (0.8.0)
  - SwiftyButton (0.4.0):
    - SwiftyButton/CustomContent (= 0.4.0)
  - SwiftyButton/CustomContent (0.4.0):
    - PureLayout (~> 3.0)

DEPENDENCIES:
  - Crashlytics
  - Fabric
  - FontAwesome-iOS
  - Spring (from `https://github.com/MengTo/Spring.git`, branch `swift2`)
  - SwiftRaisedTab (~> 0.2.0)
  - SwiftSpinner
  - SwiftyButton
  - SwiftyButton/CustomContent

EXTERNAL SOURCES:
  Spring:
    :branch: swift2
    :git: https://github.com/MengTo/Spring.git

CHECKOUT OPTIONS:
  Spring:
    :commit: 18d5c7b74489de8044e34767f856d1e574f0820e
    :git: https://github.com/MengTo/Spring.git

SPEC CHECKSUMS:
  Crashlytics: e4e8d02914f2608fbc7bf42b1a7af838b0db67a2
  Fabric: 338ffd3c2afcab120638907b4251189de9ad17b3
  FontAwesome-iOS: 0fd503f7ae46780e17c2dd98e70fed30b5f90322
  PureLayout: f35f5384c9c4e4479df041dbe33ad7577b71ddfb
  Spring: 3f02b5dc3308572ef177b3cad0fa7bbc4b0706f7
  SwiftRaisedTab: 7550a96a4c6aeacf438e27ac9ab1c2a2545efb39
  SwiftSpinner: 11c2c5ec7443d92f3026d3067ca8a91d4adef13f
  SwiftyButton: fffcc0d82b2b5f9ec1681f20ee9c67bed0d5c73b

COCOAPODS: 0.39.0
