PODS:
  - Alamofire (3.3.1)
  - ChameleonFramework (2.1.0):
    - ChameleonFramework/Default (= 2.1.0)
  - ChameleonFramework/Default (2.1.0)
  - Crashlytics (3.7.0):
    - Fabric (~> 1.6.3)
  - Fabric (1.6.6)
  - Gloss (0.7.3)
  - NVActivityIndicatorView (2.5)
  - OMGHTTPURLRQ (3.1.1):
    - OMGHTTPURLRQ/RQ (= 3.1.1)
  - OMGHTTPURLRQ/FormURLEncode (3.1.1)
  - OMGHTTPURLRQ/RQ (3.1.1):
    - OMGHTTPURLRQ/FormURLEncode
    - OMGHTTPURLRQ/UserAgent
  - OMGHTTPURLRQ/UserAgent (3.1.1)
  - PromiseKit (3.1.1):
    - PromiseKit/Foundation (= 3.1.1)
    - PromiseKit/QuartzCore (= 3.1.1)
    - PromiseKit/UIKit (= 3.1.1)
  - PromiseKit/CorePromise (3.1.1)
  - PromiseKit/Foundation (3.1.1):
    - OMGHTTPURLRQ (~> 3.1.0)
    - PromiseKit/CorePromise
  - PromiseKit/QuartzCore (3.1.1):
    - PromiseKit/CorePromise
  - PromiseKit/UIKit (3.1.1):
    - PromiseKit/CorePromise
  - PureLayout (3.0.1)
  - Spring (1.0.3)
  - SwiftValidator (3.0.3)
  - SwiftyButton (0.4.0):
    - SwiftyButton/CustomContent (= 0.4.0)
  - SwiftyButton/CustomContent (0.4.0):
    - PureLayout (~> 3.0)
  - SwiftyJSON (2.3.2)
  - TextFieldEffects (1.1.1)
  - Timberjack (0.0.2)

DEPENDENCIES:
  - Alamofire (~> 3.3)
  - ChameleonFramework
  - Crashlytics
  - Fabric
  - Gloss (~> 0.7)
  - NVActivityIndicatorView (~> 2.5)
  - PromiseKit
  - Spring (from `https://github.com/MengTo/Spring.git`, branch `swift2`)
  - SwiftValidator (= 3.0.3)
  - SwiftyButton
  - SwiftyButton/CustomContent
  - SwiftyJSON (from `https://github.com/SwiftyJSON/SwiftyJSON.git`)
  - TextFieldEffects
  - Timberjack

EXTERNAL SOURCES:
  Spring:
    :branch: swift2
    :git: https://github.com/MengTo/Spring.git
  SwiftyJSON:
    :git: https://github.com/SwiftyJSON/SwiftyJSON.git

CHECKOUT OPTIONS:
  Spring:
    :commit: 18d5c7b74489de8044e34767f856d1e574f0820e
    :git: https://github.com/MengTo/Spring.git
  SwiftyJSON:
    :commit: 2a5b70f06001316d4fb54501edc70b4084705da0
    :git: https://github.com/SwiftyJSON/SwiftyJSON.git

SPEC CHECKSUMS:
  Alamofire: 369bc67b6f5ac33ded3648d7bd21c5bfb91c2ecc
  ChameleonFramework: d21a3cc247abfe5e37609a283a8238b03575cf64
  Crashlytics: c3a2333dea9e2733d2777f730910321fc9e25c0d
  Fabric: 1abc1e59f11fa39ede6f690ef7309d8563e3ec59
  Gloss: c97a95d6279821f35fa0138700bce0391bce87c1
  NVActivityIndicatorView: 18e82784c9cb2d5f3df3129a3e4754eb075ebca0
  OMGHTTPURLRQ: 633f98ee745aeda02345935a52eec1784cddb589
  PromiseKit: 4e8127c22a9b29d1b44958ab2ec762ea6115cbfb
  PureLayout: f35f5384c9c4e4479df041dbe33ad7577b71ddfb
  Spring: 3f02b5dc3308572ef177b3cad0fa7bbc4b0706f7
  SwiftValidator: 0b6a48bf10364411b0d64c97f78665ff87ca9f8b
  SwiftyButton: fffcc0d82b2b5f9ec1681f20ee9c67bed0d5c73b
  SwiftyJSON: 04ccea08915aa0109039157c7974cf0298da292a
  TextFieldEffects: a1a78efeb93b65c611ad287b28a068c9a4a5f5b4
  Timberjack: 4181fb4fa5c0c02a0855deb5aa1ade6043db7b42

COCOAPODS: 0.39.0
