// !$*UTF8*$!
{
	archiveVersion = 1;
	classes = {
	};
	objectVersion = 46;
	objects = {

/* Begin PBXBuildFile section */
		1FA5A4E41C53581F00722E55 /* ProfileViewController.swift in Sources */ = {isa = PBXBuildFile; fileRef = 1FA5A4E31C53581F00722E55 /* ProfileViewController.swift */; };
		1FA5A4E61C53584D00722E55 /* ScheduleViewController.swift in Sources */ = {isa = PBXBuildFile; fileRef = 1FA5A4E51C53584D00722E55 /* ScheduleViewController.swift */; };
		1FA5A4E81C53585500722E55 /* SettingsViewController.swift in Sources */ = {isa = PBXBuildFile; fileRef = 1FA5A4E71C53585500722E55 /* SettingsViewController.swift */; };
		1FA5A4EA1C53585E00722E55 /* InfoViewController.swift in Sources */ = {isa = PBXBuildFile; fileRef = 1FA5A4E91C53585E00722E55 /* InfoViewController.swift */; };
		1FA5A4EC1C53586D00722E55 /* CommunityViewController.swift in Sources */ = {isa = PBXBuildFile; fileRef = 1FA5A4EB1C53586D00722E55 /* CommunityViewController.swift */; };
		1FA5A4EE1C535A9500722E55 /* ExtendsUIViewController.swift in Sources */ = {isa = PBXBuildFile; fileRef = 1FA5A4ED1C535A9500722E55 /* ExtendsUIViewController.swift */; };
		1FA5A4F01C535D6C00722E55 /* LoginViewController.swift in Sources */ = {isa = PBXBuildFile; fileRef = 1FA5A4EF1C535D6C00722E55 /* LoginViewController.swift */; };
		1FA5A5291C5360FA00722E55 /* Apache License.txt in Resources */ = {isa = PBXBuildFile; fileRef = 1FA5A5161C5360FA00722E55 /* Apache License.txt */; };
		1FA5A52A1C5360FA00722E55 /* Roboto-Black.ttf in Resources */ = {isa = PBXBuildFile; fileRef = 1FA5A5171C5360FA00722E55 /* Roboto-Black.ttf */; };
		1FA5A52B1C5360FA00722E55 /* Roboto-BlackItalic.ttf in Resources */ = {isa = PBXBuildFile; fileRef = 1FA5A5181C5360FA00722E55 /* Roboto-BlackItalic.ttf */; };
		1FA5A52C1C5360FA00722E55 /* Roboto-Bold.ttf in Resources */ = {isa = PBXBuildFile; fileRef = 1FA5A5191C5360FA00722E55 /* Roboto-Bold.ttf */; };
		1FA5A52D1C5360FA00722E55 /* Roboto-BoldItalic.ttf in Resources */ = {isa = PBXBuildFile; fileRef = 1FA5A51A1C5360FA00722E55 /* Roboto-BoldItalic.ttf */; };
		1FA5A52E1C5360FA00722E55 /* Roboto-Italic.ttf in Resources */ = {isa = PBXBuildFile; fileRef = 1FA5A51B1C5360FA00722E55 /* Roboto-Italic.ttf */; };
		1FA5A52F1C5360FA00722E55 /* Roboto-Light.ttf in Resources */ = {isa = PBXBuildFile; fileRef = 1FA5A51C1C5360FA00722E55 /* Roboto-Light.ttf */; };
		1FA5A5301C5360FA00722E55 /* Roboto-LightItalic.ttf in Resources */ = {isa = PBXBuildFile; fileRef = 1FA5A51D1C5360FA00722E55 /* Roboto-LightItalic.ttf */; };
		1FA5A5311C5360FA00722E55 /* Roboto-Medium.ttf in Resources */ = {isa = PBXBuildFile; fileRef = 1FA5A51E1C5360FA00722E55 /* Roboto-Medium.ttf */; };
		1FA5A5321C5360FA00722E55 /* Roboto-MediumItalic.ttf in Resources */ = {isa = PBXBuildFile; fileRef = 1FA5A51F1C5360FA00722E55 /* Roboto-MediumItalic.ttf */; };
		1FA5A5331C5360FA00722E55 /* Roboto-Regular.ttf in Resources */ = {isa = PBXBuildFile; fileRef = 1FA5A5201C5360FA00722E55 /* Roboto-Regular.ttf */; };
		1FA5A5341C5360FA00722E55 /* Roboto-Thin.ttf in Resources */ = {isa = PBXBuildFile; fileRef = 1FA5A5211C5360FA00722E55 /* Roboto-Thin.ttf */; };
		1FA5A5351C5360FA00722E55 /* Roboto-ThinItalic.ttf in Resources */ = {isa = PBXBuildFile; fileRef = 1FA5A5221C5360FA00722E55 /* Roboto-ThinItalic.ttf */; };
		1FA5A5361C5360FA00722E55 /* RobotoCondensed-Bold.ttf in Resources */ = {isa = PBXBuildFile; fileRef = 1FA5A5231C5360FA00722E55 /* RobotoCondensed-Bold.ttf */; };
		1FA5A5371C5360FA00722E55 /* RobotoCondensed-BoldItalic.ttf in Resources */ = {isa = PBXBuildFile; fileRef = 1FA5A5241C5360FA00722E55 /* RobotoCondensed-BoldItalic.ttf */; };
		1FA5A5381C5360FA00722E55 /* RobotoCondensed-Italic.ttf in Resources */ = {isa = PBXBuildFile; fileRef = 1FA5A5251C5360FA00722E55 /* RobotoCondensed-Italic.ttf */; };
		1FA5A5391C5360FA00722E55 /* RobotoCondensed-Light.ttf in Resources */ = {isa = PBXBuildFile; fileRef = 1FA5A5261C5360FA00722E55 /* RobotoCondensed-Light.ttf */; };
		1FA5A53A1C5360FA00722E55 /* RobotoCondensed-LightItalic.ttf in Resources */ = {isa = PBXBuildFile; fileRef = 1FA5A5271C5360FA00722E55 /* RobotoCondensed-LightItalic.ttf */; };
		1FA5A53B1C5360FA00722E55 /* RobotoCondensed-Regular.ttf in Resources */ = {isa = PBXBuildFile; fileRef = 1FA5A5281C5360FA00722E55 /* RobotoCondensed-Regular.ttf */; };
		1FA9FC6A1C534E5900B993BC /* AppDelegate.swift in Sources */ = {isa = PBXBuildFile; fileRef = 1FA9FC691C534E5900B993BC /* AppDelegate.swift */; };
		1FA9FC6C1C534E5900B993BC /* ViewController.swift in Sources */ = {isa = PBXBuildFile; fileRef = 1FA9FC6B1C534E5900B993BC /* ViewController.swift */; };
		1FA9FC6F1C534E5A00B993BC /* Main.storyboard in Resources */ = {isa = PBXBuildFile; fileRef = 1FA9FC6D1C534E5A00B993BC /* Main.storyboard */; };
		1FA9FC721C534E5A00B993BC /* hacksmiths.xcdatamodeld in Sources */ = {isa = PBXBuildFile; fileRef = 1FA9FC701C534E5A00B993BC /* hacksmiths.xcdatamodeld */; };
		1FA9FC741C534E5A00B993BC /* Assets.xcassets in Resources */ = {isa = PBXBuildFile; fileRef = 1FA9FC731C534E5A00B993BC /* Assets.xcassets */; };
		1FA9FC771C534E5A00B993BC /* LaunchScreen.storyboard in Resources */ = {isa = PBXBuildFile; fileRef = 1FA9FC751C534E5A00B993BC /* LaunchScreen.storyboard */; };
		1FA9FC821C534E5B00B993BC /* hacksmithsTests.swift in Sources */ = {isa = PBXBuildFile; fileRef = 1FA9FC811C534E5B00B993BC /* hacksmithsTests.swift */; };
		1FA9FC8D1C534E5B00B993BC /* hacksmithsUITests.swift in Sources */ = {isa = PBXBuildFile; fileRef = 1FA9FC8C1C534E5B00B993BC /* hacksmithsUITests.swift */; };
		1FA9FC9B1C53563700B993BC /* EventViewController.swift in Sources */ = {isa = PBXBuildFile; fileRef = 1FA9FC9A1C53563700B993BC /* EventViewController.swift */; };
		E11C0836866FA3F830ABB22F /* Pods.framework in Frameworks */ = {isa = PBXBuildFile; fileRef = 2F01D804491290ED3ADAFE2E /* Pods.framework */; };
/* End PBXBuildFile section */

/* Begin PBXContainerItemProxy section */
		1FA9FC7E1C534E5B00B993BC /* PBXContainerItemProxy */ = {
			isa = PBXContainerItemProxy;
			containerPortal = 1FA9FC5E1C534E5800B993BC /* Project object */;
			proxyType = 1;
			remoteGlobalIDString = 1FA9FC651C534E5800B993BC;
			remoteInfo = hacksmiths;
		};
		1FA9FC891C534E5B00B993BC /* PBXContainerItemProxy */ = {
			isa = PBXContainerItemProxy;
			containerPortal = 1FA9FC5E1C534E5800B993BC /* Project object */;
			proxyType = 1;
			remoteGlobalIDString = 1FA9FC651C534E5800B993BC;
			remoteInfo = hacksmiths;
		};
/* End PBXContainerItemProxy section */

/* Begin PBXFileReference section */
		1FA5A4E31C53581F00722E55 /* ProfileViewController.swift */ = {isa = PBXFileReference; fileEncoding = 4; lastKnownFileType = sourcecode.swift; path = ProfileViewController.swift; sourceTree = "<group>"; };
		1FA5A4E51C53584D00722E55 /* ScheduleViewController.swift */ = {isa = PBXFileReference; fileEncoding = 4; lastKnownFileType = sourcecode.swift; path = ScheduleViewController.swift; sourceTree = "<group>"; };
		1FA5A4E71C53585500722E55 /* SettingsViewController.swift */ = {isa = PBXFileReference; fileEncoding = 4; lastKnownFileType = sourcecode.swift; path = SettingsViewController.swift; sourceTree = "<group>"; };
		1FA5A4E91C53585E00722E55 /* InfoViewController.swift */ = {isa = PBXFileReference; fileEncoding = 4; lastKnownFileType = sourcecode.swift; path = InfoViewController.swift; sourceTree = "<group>"; };
		1FA5A4EB1C53586D00722E55 /* CommunityViewController.swift */ = {isa = PBXFileReference; fileEncoding = 4; lastKnownFileType = sourcecode.swift; path = CommunityViewController.swift; sourceTree = "<group>"; };
		1FA5A4ED1C535A9500722E55 /* ExtendsUIViewController.swift */ = {isa = PBXFileReference; fileEncoding = 4; lastKnownFileType = sourcecode.swift; path = ExtendsUIViewController.swift; sourceTree = "<group>"; };
		1FA5A4EF1C535D6C00722E55 /* LoginViewController.swift */ = {isa = PBXFileReference; fileEncoding = 4; lastKnownFileType = sourcecode.swift; path = LoginViewController.swift; sourceTree = "<group>"; };
		1FA5A5161C5360FA00722E55 /* Apache License.txt */ = {isa = PBXFileReference; fileEncoding = 4; lastKnownFileType = text; path = "Apache License.txt"; sourceTree = "<group>"; };
		1FA5A5171C5360FA00722E55 /* Roboto-Black.ttf */ = {isa = PBXFileReference; lastKnownFileType = file; path = "Roboto-Black.ttf"; sourceTree = "<group>"; };
		1FA5A5181C5360FA00722E55 /* Roboto-BlackItalic.ttf */ = {isa = PBXFileReference; lastKnownFileType = file; path = "Roboto-BlackItalic.ttf"; sourceTree = "<group>"; };
		1FA5A5191C5360FA00722E55 /* Roboto-Bold.ttf */ = {isa = PBXFileReference; lastKnownFileType = file; path = "Roboto-Bold.ttf"; sourceTree = "<group>"; };
		1FA5A51A1C5360FA00722E55 /* Roboto-BoldItalic.ttf */ = {isa = PBXFileReference; lastKnownFileType = file; path = "Roboto-BoldItalic.ttf"; sourceTree = "<group>"; };
		1FA5A51B1C5360FA00722E55 /* Roboto-Italic.ttf */ = {isa = PBXFileReference; lastKnownFileType = file; path = "Roboto-Italic.ttf"; sourceTree = "<group>"; };
		1FA5A51C1C5360FA00722E55 /* Roboto-Light.ttf */ = {isa = PBXFileReference; lastKnownFileType = file; path = "Roboto-Light.ttf"; sourceTree = "<group>"; };
		1FA5A51D1C5360FA00722E55 /* Roboto-LightItalic.ttf */ = {isa = PBXFileReference; lastKnownFileType = file; path = "Roboto-LightItalic.ttf"; sourceTree = "<group>"; };
		1FA5A51E1C5360FA00722E55 /* Roboto-Medium.ttf */ = {isa = PBXFileReference; lastKnownFileType = file; path = "Roboto-Medium.ttf"; sourceTree = "<group>"; };
		1FA5A51F1C5360FA00722E55 /* Roboto-MediumItalic.ttf */ = {isa = PBXFileReference; lastKnownFileType = file; path = "Roboto-MediumItalic.ttf"; sourceTree = "<group>"; };
		1FA5A5201C5360FA00722E55 /* Roboto-Regular.ttf */ = {isa = PBXFileReference; lastKnownFileType = file; path = "Roboto-Regular.ttf"; sourceTree = "<group>"; };
		1FA5A5211C5360FA00722E55 /* Roboto-Thin.ttf */ = {isa = PBXFileReference; lastKnownFileType = file; path = "Roboto-Thin.ttf"; sourceTree = "<group>"; };
		1FA5A5221C5360FA00722E55 /* Roboto-ThinItalic.ttf */ = {isa = PBXFileReference; lastKnownFileType = file; path = "Roboto-ThinItalic.ttf"; sourceTree = "<group>"; };
		1FA5A5231C5360FA00722E55 /* RobotoCondensed-Bold.ttf */ = {isa = PBXFileReference; lastKnownFileType = file; path = "RobotoCondensed-Bold.ttf"; sourceTree = "<group>"; };
		1FA5A5241C5360FA00722E55 /* RobotoCondensed-BoldItalic.ttf */ = {isa = PBXFileReference; lastKnownFileType = file; path = "RobotoCondensed-BoldItalic.ttf"; sourceTree = "<group>"; };
		1FA5A5251C5360FA00722E55 /* RobotoCondensed-Italic.ttf */ = {isa = PBXFileReference; lastKnownFileType = file; path = "RobotoCondensed-Italic.ttf"; sourceTree = "<group>"; };
		1FA5A5261C5360FA00722E55 /* RobotoCondensed-Light.ttf */ = {isa = PBXFileReference; lastKnownFileType = file; path = "RobotoCondensed-Light.ttf"; sourceTree = "<group>"; };
		1FA5A5271C5360FA00722E55 /* RobotoCondensed-LightItalic.ttf */ = {isa = PBXFileReference; lastKnownFileType = file; path = "RobotoCondensed-LightItalic.ttf"; sourceTree = "<group>"; };
		1FA5A5281C5360FA00722E55 /* RobotoCondensed-Regular.ttf */ = {isa = PBXFileReference; lastKnownFileType = file; path = "RobotoCondensed-Regular.ttf"; sourceTree = "<group>"; };
		1FA9FC661C534E5800B993BC /* hacksmiths.app */ = {isa = PBXFileReference; explicitFileType = wrapper.application; includeInIndex = 0; path = hacksmiths.app; sourceTree = BUILT_PRODUCTS_DIR; };
		1FA9FC691C534E5900B993BC /* AppDelegate.swift */ = {isa = PBXFileReference; lastKnownFileType = sourcecode.swift; path = AppDelegate.swift; sourceTree = "<group>"; };
		1FA9FC6B1C534E5900B993BC /* ViewController.swift */ = {isa = PBXFileReference; lastKnownFileType = sourcecode.swift; path = ViewController.swift; sourceTree = "<group>"; };
		1FA9FC6E1C534E5A00B993BC /* Base */ = {isa = PBXFileReference; lastKnownFileType = file.storyboard; name = Base; path = Base.lproj/Main.storyboard; sourceTree = "<group>"; };
		1FA9FC711C534E5A00B993BC /* hacksmiths.xcdatamodel */ = {isa = PBXFileReference; lastKnownFileType = wrapper.xcdatamodel; path = hacksmiths.xcdatamodel; sourceTree = "<group>"; };
		1FA9FC731C534E5A00B993BC /* Assets.xcassets */ = {isa = PBXFileReference; lastKnownFileType = folder.assetcatalog; path = Assets.xcassets; sourceTree = "<group>"; };
		1FA9FC761C534E5A00B993BC /* Base */ = {isa = PBXFileReference; lastKnownFileType = file.storyboard; name = Base; path = Base.lproj/LaunchScreen.storyboard; sourceTree = "<group>"; };
		1FA9FC781C534E5A00B993BC /* Info.plist */ = {isa = PBXFileReference; lastKnownFileType = text.plist.xml; path = Info.plist; sourceTree = "<group>"; };
		1FA9FC7D1C534E5B00B993BC /* hacksmithsTests.xctest */ = {isa = PBXFileReference; explicitFileType = wrapper.cfbundle; includeInIndex = 0; path = hacksmithsTests.xctest; sourceTree = BUILT_PRODUCTS_DIR; };
		1FA9FC811C534E5B00B993BC /* hacksmithsTests.swift */ = {isa = PBXFileReference; lastKnownFileType = sourcecode.swift; path = hacksmithsTests.swift; sourceTree = "<group>"; };
		1FA9FC831C534E5B00B993BC /* Info.plist */ = {isa = PBXFileReference; lastKnownFileType = text.plist.xml; path = Info.plist; sourceTree = "<group>"; };
		1FA9FC881C534E5B00B993BC /* hacksmithsUITests.xctest */ = {isa = PBXFileReference; explicitFileType = wrapper.cfbundle; includeInIndex = 0; path = hacksmithsUITests.xctest; sourceTree = BUILT_PRODUCTS_DIR; };
		1FA9FC8C1C534E5B00B993BC /* hacksmithsUITests.swift */ = {isa = PBXFileReference; lastKnownFileType = sourcecode.swift; path = hacksmithsUITests.swift; sourceTree = "<group>"; };
		1FA9FC8E1C534E5B00B993BC /* Info.plist */ = {isa = PBXFileReference; lastKnownFileType = text.plist.xml; path = Info.plist; sourceTree = "<group>"; };
		1FA9FC9A1C53563700B993BC /* EventViewController.swift */ = {isa = PBXFileReference; fileEncoding = 4; lastKnownFileType = sourcecode.swift; path = EventViewController.swift; sourceTree = "<group>"; };
		2191EFCDC3E224734A81AEB7 /* Pods.release.xcconfig */ = {isa = PBXFileReference; includeInIndex = 1; lastKnownFileType = text.xcconfig; name = Pods.release.xcconfig; path = "Pods/Target Support Files/Pods/Pods.release.xcconfig"; sourceTree = "<group>"; };
		2F01D804491290ED3ADAFE2E /* Pods.framework */ = {isa = PBXFileReference; explicitFileType = wrapper.framework; includeInIndex = 0; path = Pods.framework; sourceTree = BUILT_PRODUCTS_DIR; };
		DA5C00C756EC56DE13602503 /* Pods.debug.xcconfig */ = {isa = PBXFileReference; includeInIndex = 1; lastKnownFileType = text.xcconfig; name = Pods.debug.xcconfig; path = "Pods/Target Support Files/Pods/Pods.debug.xcconfig"; sourceTree = "<group>"; };
/* End PBXFileReference section */

/* Begin PBXFrameworksBuildPhase section */
		1FA9FC631C534E5800B993BC /* Frameworks */ = {
			isa = PBXFrameworksBuildPhase;
			buildActionMask = 2147483647;
			files = (
				E11C0836866FA3F830ABB22F /* Pods.framework in Frameworks */,
			);
			runOnlyForDeploymentPostprocessing = 0;
		};
		1FA9FC7A1C534E5B00B993BC /* Frameworks */ = {
			isa = PBXFrameworksBuildPhase;
			buildActionMask = 2147483647;
			files = (
			);
			runOnlyForDeploymentPostprocessing = 0;
		};
		1FA9FC851C534E5B00B993BC /* Frameworks */ = {
			isa = PBXFrameworksBuildPhase;
			buildActionMask = 2147483647;
			files = (
			);
			runOnlyForDeploymentPostprocessing = 0;
		};
/* End PBXFrameworksBuildPhase section */

/* Begin PBXGroup section */
		0D98368467E61E6AF42B9A62 /* Pods */ = {
			isa = PBXGroup;
			children = (
				DA5C00C756EC56DE13602503 /* Pods.debug.xcconfig */,
				2191EFCDC3E224734A81AEB7 /* Pods.release.xcconfig */,
			);
			name = Pods;
			sourceTree = "<group>";
		};
		1FA5A5151C5360FA00722E55 /* roboto */ = {
			isa = PBXGroup;
			children = (
				1FA5A5161C5360FA00722E55 /* Apache License.txt */,
				1FA5A5171C5360FA00722E55 /* Roboto-Black.ttf */,
				1FA5A5181C5360FA00722E55 /* Roboto-BlackItalic.ttf */,
				1FA5A5191C5360FA00722E55 /* Roboto-Bold.ttf */,
				1FA5A51A1C5360FA00722E55 /* Roboto-BoldItalic.ttf */,
				1FA5A51B1C5360FA00722E55 /* Roboto-Italic.ttf */,
				1FA5A51C1C5360FA00722E55 /* Roboto-Light.ttf */,
				1FA5A51D1C5360FA00722E55 /* Roboto-LightItalic.ttf */,
				1FA5A51E1C5360FA00722E55 /* Roboto-Medium.ttf */,
				1FA5A51F1C5360FA00722E55 /* Roboto-MediumItalic.ttf */,
				1FA5A5201C5360FA00722E55 /* Roboto-Regular.ttf */,
				1FA5A5211C5360FA00722E55 /* Roboto-Thin.ttf */,
				1FA5A5221C5360FA00722E55 /* Roboto-ThinItalic.ttf */,
				1FA5A5231C5360FA00722E55 /* RobotoCondensed-Bold.ttf */,
				1FA5A5241C5360FA00722E55 /* RobotoCondensed-BoldItalic.ttf */,
				1FA5A5251C5360FA00722E55 /* RobotoCondensed-Italic.ttf */,
				1FA5A5261C5360FA00722E55 /* RobotoCondensed-Light.ttf */,
				1FA5A5271C5360FA00722E55 /* RobotoCondensed-LightItalic.ttf */,
				1FA5A5281C5360FA00722E55 /* RobotoCondensed-Regular.ttf */,
			);
			path = roboto;
			sourceTree = "<group>";
		};
		1FA5A53C1C53610300722E55 /* Resources */ = {
			isa = PBXGroup;
			children = (
				1FA5A5151C5360FA00722E55 /* roboto */,
			);
			name = Resources;
			sourceTree = "<group>";
		};
		1FA9FC5D1C534E5800B993BC = {
			isa = PBXGroup;
			children = (
				1FA9FC681C534E5900B993BC /* hacksmiths */,
				1FA5A53C1C53610300722E55 /* Resources */,
				1FA9FC801C534E5B00B993BC /* hacksmithsTests */,
				1FA9FC8B1C534E5B00B993BC /* hacksmithsUITests */,
				1FA9FC671C534E5800B993BC /* Products */,
				0D98368467E61E6AF42B9A62 /* Pods */,
				5CE27C4E7B61BD7247A81BCC /* Frameworks */,
			);
			sourceTree = "<group>";
		};
		1FA9FC671C534E5800B993BC /* Products */ = {
			isa = PBXGroup;
			children = (
				1FA9FC661C534E5800B993BC /* hacksmiths.app */,
				1FA9FC7D1C534E5B00B993BC /* hacksmithsTests.xctest */,
				1FA9FC881C534E5B00B993BC /* hacksmithsUITests.xctest */,
			);
			name = Products;
			sourceTree = "<group>";
		};
		1FA9FC681C534E5900B993BC /* hacksmiths */ = {
			isa = PBXGroup;
			children = (
				1FA9FC691C534E5900B993BC /* AppDelegate.swift */,
				1FA9FC6B1C534E5900B993BC /* ViewController.swift */,
				1FA9FC6D1C534E5A00B993BC /* Main.storyboard */,
				1FA5A4EF1C535D6C00722E55 /* LoginViewController.swift */,
				1FA5A4ED1C535A9500722E55 /* ExtendsUIViewController.swift */,
				1FA5A4E31C53581F00722E55 /* ProfileViewController.swift */,
				1FA5A4E71C53585500722E55 /* SettingsViewController.swift */,
				1FA5A4E51C53584D00722E55 /* ScheduleViewController.swift */,
				1FA5A4E91C53585E00722E55 /* InfoViewController.swift */,
				1FA5A4EB1C53586D00722E55 /* CommunityViewController.swift */,
				1FA9FC9A1C53563700B993BC /* EventViewController.swift */,
				1FA9FC731C534E5A00B993BC /* Assets.xcassets */,
				1FA9FC751C534E5A00B993BC /* LaunchScreen.storyboard */,
				1FA9FC781C534E5A00B993BC /* Info.plist */,
				1FA9FC701C534E5A00B993BC /* hacksmiths.xcdatamodeld */,
			);
			path = hacksmiths;
			sourceTree = "<group>";
		};
		1FA9FC801C534E5B00B993BC /* hacksmithsTests */ = {
			isa = PBXGroup;
			children = (
				1FA9FC811C534E5B00B993BC /* hacksmithsTests.swift */,
				1FA9FC831C534E5B00B993BC /* Info.plist */,
			);
			path = hacksmithsTests;
			sourceTree = "<group>";
		};
		1FA9FC8B1C534E5B00B993BC /* hacksmithsUITests */ = {
			isa = PBXGroup;
			children = (
				1FA9FC8C1C534E5B00B993BC /* hacksmithsUITests.swift */,
				1FA9FC8E1C534E5B00B993BC /* Info.plist */,
			);
			path = hacksmithsUITests;
			sourceTree = "<group>";
		};
		5CE27C4E7B61BD7247A81BCC /* Frameworks */ = {
			isa = PBXGroup;
			children = (
				2F01D804491290ED3ADAFE2E /* Pods.framework */,
			);
			name = Frameworks;
			sourceTree = "<group>";
		};
/* End PBXGroup section */

/* Begin PBXNativeTarget section */
		1FA9FC651C534E5800B993BC /* hacksmiths */ = {
			isa = PBXNativeTarget;
			buildConfigurationList = 1FA9FC911C534E5B00B993BC /* Build configuration list for PBXNativeTarget "hacksmiths" */;
			buildPhases = (
				0D19B5465EFB07AF67260C36 /* Check Pods Manifest.lock */,
				1FA9FC621C534E5800B993BC /* Sources */,
				1FA9FC631C534E5800B993BC /* Frameworks */,
				1FA9FC641C534E5800B993BC /* Resources */,
				686868FF38755BD487F09D94 /* Embed Pods Frameworks */,
				C11D7ED81861E686D1E330D8 /* Copy Pods Resources */,
			);
			buildRules = (
			);
			dependencies = (
			);
			name = hacksmiths;
			productName = hacksmiths;
			productReference = 1FA9FC661C534E5800B993BC /* hacksmiths.app */;
			productType = "com.apple.product-type.application";
		};
		1FA9FC7C1C534E5B00B993BC /* hacksmithsTests */ = {
			isa = PBXNativeTarget;
			buildConfigurationList = 1FA9FC941C534E5B00B993BC /* Build configuration list for PBXNativeTarget "hacksmithsTests" */;
			buildPhases = (
				1FA9FC791C534E5B00B993BC /* Sources */,
				1FA9FC7A1C534E5B00B993BC /* Frameworks */,
				1FA9FC7B1C534E5B00B993BC /* Resources */,
			);
			buildRules = (
			);
			dependencies = (
				1FA9FC7F1C534E5B00B993BC /* PBXTargetDependency */,
			);
			name = hacksmithsTests;
			productName = hacksmithsTests;
			productReference = 1FA9FC7D1C534E5B00B993BC /* hacksmithsTests.xctest */;
			productType = "com.apple.product-type.bundle.unit-test";
		};
		1FA9FC871C534E5B00B993BC /* hacksmithsUITests */ = {
			isa = PBXNativeTarget;
			buildConfigurationList = 1FA9FC971C534E5B00B993BC /* Build configuration list for PBXNativeTarget "hacksmithsUITests" */;
			buildPhases = (
				1FA9FC841C534E5B00B993BC /* Sources */,
				1FA9FC851C534E5B00B993BC /* Frameworks */,
				1FA9FC861C534E5B00B993BC /* Resources */,
			);
			buildRules = (
			);
			dependencies = (
				1FA9FC8A1C534E5B00B993BC /* PBXTargetDependency */,
			);
			name = hacksmithsUITests;
			productName = hacksmithsUITests;
			productReference = 1FA9FC881C534E5B00B993BC /* hacksmithsUITests.xctest */;
			productType = "com.apple.product-type.bundle.ui-testing";
		};
/* End PBXNativeTarget section */

/* Begin PBXProject section */
		1FA9FC5E1C534E5800B993BC /* Project object */ = {
			isa = PBXProject;
			attributes = {
				LastSwiftUpdateCheck = 0720;
				LastUpgradeCheck = 0720;
				ORGANIZATIONNAME = "Tech Rapport";
				TargetAttributes = {
					1FA9FC651C534E5800B993BC = {
						CreatedOnToolsVersion = 7.2;
					};
					1FA9FC7C1C534E5B00B993BC = {
						CreatedOnToolsVersion = 7.2;
						TestTargetID = 1FA9FC651C534E5800B993BC;
					};
					1FA9FC871C534E5B00B993BC = {
						CreatedOnToolsVersion = 7.2;
						TestTargetID = 1FA9FC651C534E5800B993BC;
					};
				};
			};
			buildConfigurationList = 1FA9FC611C534E5800B993BC /* Build configuration list for PBXProject "hacksmiths" */;
			compatibilityVersion = "Xcode 3.2";
			developmentRegion = English;
			hasScannedForEncodings = 0;
			knownRegions = (
				en,
				Base,
			);
			mainGroup = 1FA9FC5D1C534E5800B993BC;
			productRefGroup = 1FA9FC671C534E5800B993BC /* Products */;
			projectDirPath = "";
			projectRoot = "";
			targets = (
				1FA9FC651C534E5800B993BC /* hacksmiths */,
				1FA9FC7C1C534E5B00B993BC /* hacksmithsTests */,
				1FA9FC871C534E5B00B993BC /* hacksmithsUITests */,
			);
		};
/* End PBXProject section */

/* Begin PBXResourcesBuildPhase section */
		1FA9FC641C534E5800B993BC /* Resources */ = {
			isa = PBXResourcesBuildPhase;
			buildActionMask = 2147483647;
			files = (
				1FA5A52C1C5360FA00722E55 /* Roboto-Bold.ttf in Resources */,
				1FA5A5301C5360FA00722E55 /* Roboto-LightItalic.ttf in Resources */,
				1FA5A5381C5360FA00722E55 /* RobotoCondensed-Italic.ttf in Resources */,
				1FA5A5371C5360FA00722E55 /* RobotoCondensed-BoldItalic.ttf in Resources */,
				1FA5A5321C5360FA00722E55 /* Roboto-MediumItalic.ttf in Resources */,
				1FA5A52E1C5360FA00722E55 /* Roboto-Italic.ttf in Resources */,
				1FA5A52F1C5360FA00722E55 /* Roboto-Light.ttf in Resources */,
				1FA9FC771C534E5A00B993BC /* LaunchScreen.storyboard in Resources */,
				1FA5A52D1C5360FA00722E55 /* Roboto-BoldItalic.ttf in Resources */,
				1FA5A52B1C5360FA00722E55 /* Roboto-BlackItalic.ttf in Resources */,
				1FA5A5341C5360FA00722E55 /* Roboto-Thin.ttf in Resources */,
				1FA5A5331C5360FA00722E55 /* Roboto-Regular.ttf in Resources */,
				1FA5A53A1C5360FA00722E55 /* RobotoCondensed-LightItalic.ttf in Resources */,
				1FA5A5291C5360FA00722E55 /* Apache License.txt in Resources */,
				1FA5A53B1C5360FA00722E55 /* RobotoCondensed-Regular.ttf in Resources */,
				1FA5A5311C5360FA00722E55 /* Roboto-Medium.ttf in Resources */,
				1FA5A5391C5360FA00722E55 /* RobotoCondensed-Light.ttf in Resources */,
				1FA5A5351C5360FA00722E55 /* Roboto-ThinItalic.ttf in Resources */,
				1FA5A5361C5360FA00722E55 /* RobotoCondensed-Bold.ttf in Resources */,
				1FA5A52A1C5360FA00722E55 /* Roboto-Black.ttf in Resources */,
				1FA9FC741C534E5A00B993BC /* Assets.xcassets in Resources */,
				1FA9FC6F1C534E5A00B993BC /* Main.storyboard in Resources */,
			);
			runOnlyForDeploymentPostprocessing = 0;
		};
		1FA9FC7B1C534E5B00B993BC /* Resources */ = {
			isa = PBXResourcesBuildPhase;
			buildActionMask = 2147483647;
			files = (
			);
			runOnlyForDeploymentPostprocessing = 0;
		};
		1FA9FC861C534E5B00B993BC /* Resources */ = {
			isa = PBXResourcesBuildPhase;
			buildActionMask = 2147483647;
			files = (
			);
			runOnlyForDeploymentPostprocessing = 0;
		};
/* End PBXResourcesBuildPhase section */

/* Begin PBXShellScriptBuildPhase section */
		0D19B5465EFB07AF67260C36 /* Check Pods Manifest.lock */ = {
			isa = PBXShellScriptBuildPhase;
			buildActionMask = 2147483647;
			files = (
			);
			inputPaths = (
			);
			name = "Check Pods Manifest.lock";
			outputPaths = (
			);
			runOnlyForDeploymentPostprocessing = 0;
			shellPath = /bin/sh;
			shellScript = "diff \"${PODS_ROOT}/../Podfile.lock\" \"${PODS_ROOT}/Manifest.lock\" > /dev/null\nif [[ $? != 0 ]] ; then\n    cat << EOM\nerror: The sandbox is not in sync with the Podfile.lock. Run 'pod install' or update your CocoaPods installation.\nEOM\n    exit 1\nfi\n";
			showEnvVarsInLog = 0;
		};
		686868FF38755BD487F09D94 /* Embed Pods Frameworks */ = {
			isa = PBXShellScriptBuildPhase;
			buildActionMask = 2147483647;
			files = (
			);
			inputPaths = (
			);
			name = "Embed Pods Frameworks";
			outputPaths = (
			);
			runOnlyForDeploymentPostprocessing = 0;
			shellPath = /bin/sh;
			shellScript = "\"${SRCROOT}/Pods/Target Support Files/Pods/Pods-frameworks.sh\"\n";
			showEnvVarsInLog = 0;
		};
		C11D7ED81861E686D1E330D8 /* Copy Pods Resources */ = {
			isa = PBXShellScriptBuildPhase;
			buildActionMask = 2147483647;
			files = (
			);
			inputPaths = (
			);
			name = "Copy Pods Resources";
			outputPaths = (
			);
			runOnlyForDeploymentPostprocessing = 0;
			shellPath = /bin/sh;
			shellScript = "\"${SRCROOT}/Pods/Target Support Files/Pods/Pods-resources.sh\"\n";
			showEnvVarsInLog = 0;
		};
/* End PBXShellScriptBuildPhase section */

/* Begin PBXSourcesBuildPhase section */
		1FA9FC621C534E5800B993BC /* Sources */ = {
			isa = PBXSourcesBuildPhase;
			buildActionMask = 2147483647;
			files = (
				1FA9FC6C1C534E5900B993BC /* ViewController.swift in Sources */,
				1FA9FC9B1C53563700B993BC /* EventViewController.swift in Sources */,
				1FA5A4EC1C53586D00722E55 /* CommunityViewController.swift in Sources */,
				1FA5A4E81C53585500722E55 /* SettingsViewController.swift in Sources */,
				1FA5A4E41C53581F00722E55 /* ProfileViewController.swift in Sources */,
				1FA5A4E61C53584D00722E55 /* ScheduleViewController.swift in Sources */,
				1FA5A4EE1C535A9500722E55 /* ExtendsUIViewController.swift in Sources */,
				1FA9FC721C534E5A00B993BC /* hacksmiths.xcdatamodeld in Sources */,
				1FA5A4EA1C53585E00722E55 /* InfoViewController.swift in Sources */,
				1FA9FC6A1C534E5900B993BC /* AppDelegate.swift in Sources */,
				1FA5A4F01C535D6C00722E55 /* LoginViewController.swift in Sources */,
			);
			runOnlyForDeploymentPostprocessing = 0;
		};
		1FA9FC791C534E5B00B993BC /* Sources */ = {
			isa = PBXSourcesBuildPhase;
			buildActionMask = 2147483647;
			files = (
				1FA9FC821C534E5B00B993BC /* hacksmithsTests.swift in Sources */,
			);
			runOnlyForDeploymentPostprocessing = 0;
		};
		1FA9FC841C534E5B00B993BC /* Sources */ = {
			isa = PBXSourcesBuildPhase;
			buildActionMask = 2147483647;
			files = (
				1FA9FC8D1C534E5B00B993BC /* hacksmithsUITests.swift in Sources */,
			);
			runOnlyForDeploymentPostprocessing = 0;
		};
/* End PBXSourcesBuildPhase section */

/* Begin PBXTargetDependency section */
		1FA9FC7F1C534E5B00B993BC /* PBXTargetDependency */ = {
			isa = PBXTargetDependency;
			target = 1FA9FC651C534E5800B993BC /* hacksmiths */;
			targetProxy = 1FA9FC7E1C534E5B00B993BC /* PBXContainerItemProxy */;
		};
		1FA9FC8A1C534E5B00B993BC /* PBXTargetDependency */ = {
			isa = PBXTargetDependency;
			target = 1FA9FC651C534E5800B993BC /* hacksmiths */;
			targetProxy = 1FA9FC891C534E5B00B993BC /* PBXContainerItemProxy */;
		};
/* End PBXTargetDependency section */

/* Begin PBXVariantGroup section */
		1FA9FC6D1C534E5A00B993BC /* Main.storyboard */ = {
			isa = PBXVariantGroup;
			children = (
				1FA9FC6E1C534E5A00B993BC /* Base */,
			);
			name = Main.storyboard;
			sourceTree = "<group>";
		};
		1FA9FC751C534E5A00B993BC /* LaunchScreen.storyboard */ = {
			isa = PBXVariantGroup;
			children = (
				1FA9FC761C534E5A00B993BC /* Base */,
			);
			name = LaunchScreen.storyboard;
			sourceTree = "<group>";
		};
/* End PBXVariantGroup section */

/* Begin XCBuildConfiguration section */
		1FA9FC8F1C534E5B00B993BC /* Debug */ = {
			isa = XCBuildConfiguration;
			buildSettings = {
				ALWAYS_SEARCH_USER_PATHS = NO;
				CLANG_CXX_LANGUAGE_STANDARD = "gnu++0x";
				CLANG_CXX_LIBRARY = "libc++";
				CLANG_ENABLE_MODULES = YES;
				CLANG_ENABLE_OBJC_ARC = YES;
				CLANG_WARN_BOOL_CONVERSION = YES;
				CLANG_WARN_CONSTANT_CONVERSION = YES;
				CLANG_WARN_DIRECT_OBJC_ISA_USAGE = YES_ERROR;
				CLANG_WARN_EMPTY_BODY = YES;
				CLANG_WARN_ENUM_CONVERSION = YES;
				CLANG_WARN_INT_CONVERSION = YES;
				CLANG_WARN_OBJC_ROOT_CLASS = YES_ERROR;
				CLANG_WARN_UNREACHABLE_CODE = YES;
				CLANG_WARN__DUPLICATE_METHOD_MATCH = YES;
				"CODE_SIGN_IDENTITY[sdk=iphoneos*]" = "iPhone Developer";
				COPY_PHASE_STRIP = NO;
				DEBUG_INFORMATION_FORMAT = dwarf;
				ENABLE_STRICT_OBJC_MSGSEND = YES;
				ENABLE_TESTABILITY = YES;
				GCC_C_LANGUAGE_STANDARD = gnu99;
				GCC_DYNAMIC_NO_PIC = NO;
				GCC_NO_COMMON_BLOCKS = YES;
				GCC_OPTIMIZATION_LEVEL = 0;
				GCC_PREPROCESSOR_DEFINITIONS = (
					"DEBUG=1",
					"$(inherited)",
				);
				GCC_WARN_64_TO_32_BIT_CONVERSION = YES;
				GCC_WARN_ABOUT_RETURN_TYPE = YES_ERROR;
				GCC_WARN_UNDECLARED_SELECTOR = YES;
				GCC_WARN_UNINITIALIZED_AUTOS = YES_AGGRESSIVE;
				GCC_WARN_UNUSED_FUNCTION = YES;
				GCC_WARN_UNUSED_VARIABLE = YES;
				IPHONEOS_DEPLOYMENT_TARGET = 9.2;
				MTL_ENABLE_DEBUG_INFO = YES;
				ONLY_ACTIVE_ARCH = YES;
				SDKROOT = iphoneos;
				SWIFT_OPTIMIZATION_LEVEL = "-Onone";
			};
			name = Debug;
		};
		1FA9FC901C534E5B00B993BC /* Release */ = {
			isa = XCBuildConfiguration;
			buildSettings = {
				ALWAYS_SEARCH_USER_PATHS = NO;
				CLANG_CXX_LANGUAGE_STANDARD = "gnu++0x";
				CLANG_CXX_LIBRARY = "libc++";
				CLANG_ENABLE_MODULES = YES;
				CLANG_ENABLE_OBJC_ARC = YES;
				CLANG_WARN_BOOL_CONVERSION = YES;
				CLANG_WARN_CONSTANT_CONVERSION = YES;
				CLANG_WARN_DIRECT_OBJC_ISA_USAGE = YES_ERROR;
				CLANG_WARN_EMPTY_BODY = YES;
				CLANG_WARN_ENUM_CONVERSION = YES;
				CLANG_WARN_INT_CONVERSION = YES;
				CLANG_WARN_OBJC_ROOT_CLASS = YES_ERROR;
				CLANG_WARN_UNREACHABLE_CODE = YES;
				CLANG_WARN__DUPLICATE_METHOD_MATCH = YES;
				"CODE_SIGN_IDENTITY[sdk=iphoneos*]" = "iPhone Developer";
				COPY_PHASE_STRIP = NO;
				DEBUG_INFORMATION_FORMAT = "dwarf-with-dsym";
				ENABLE_NS_ASSERTIONS = NO;
				ENABLE_STRICT_OBJC_MSGSEND = YES;
				GCC_C_LANGUAGE_STANDARD = gnu99;
				GCC_NO_COMMON_BLOCKS = YES;
				GCC_WARN_64_TO_32_BIT_CONVERSION = YES;
				GCC_WARN_ABOUT_RETURN_TYPE = YES_ERROR;
				GCC_WARN_UNDECLARED_SELECTOR = YES;
				GCC_WARN_UNINITIALIZED_AUTOS = YES_AGGRESSIVE;
				GCC_WARN_UNUSED_FUNCTION = YES;
				GCC_WARN_UNUSED_VARIABLE = YES;
				IPHONEOS_DEPLOYMENT_TARGET = 9.2;
				MTL_ENABLE_DEBUG_INFO = NO;
				SDKROOT = iphoneos;
				VALIDATE_PRODUCT = YES;
			};
			name = Release;
		};
		1FA9FC921C534E5B00B993BC /* Debug */ = {
			isa = XCBuildConfiguration;
			baseConfigurationReference = DA5C00C756EC56DE13602503 /* Pods.debug.xcconfig */;
			buildSettings = {
				ASSETCATALOG_COMPILER_APPICON_NAME = AppIcon;
				INFOPLIST_FILE = hacksmiths/Info.plist;
				LD_RUNPATH_SEARCH_PATHS = "$(inherited) @executable_path/Frameworks";
				PRODUCT_BUNDLE_IDENTIFIER = com.TechRapport.hacksmiths;
				PRODUCT_NAME = "$(TARGET_NAME)";
			};
			name = Debug;
		};
		1FA9FC931C534E5B00B993BC /* Release */ = {
			isa = XCBuildConfiguration;
			baseConfigurationReference = 2191EFCDC3E224734A81AEB7 /* Pods.release.xcconfig */;
			buildSettings = {
				ASSETCATALOG_COMPILER_APPICON_NAME = AppIcon;
				INFOPLIST_FILE = hacksmiths/Info.plist;
				LD_RUNPATH_SEARCH_PATHS = "$(inherited) @executable_path/Frameworks";
				PRODUCT_BUNDLE_IDENTIFIER = com.TechRapport.hacksmiths;
				PRODUCT_NAME = "$(TARGET_NAME)";
			};
			name = Release;
		};
		1FA9FC951C534E5B00B993BC /* Debug */ = {
			isa = XCBuildConfiguration;
			buildSettings = {
				BUNDLE_LOADER = "$(TEST_HOST)";
				INFOPLIST_FILE = hacksmithsTests/Info.plist;
				LD_RUNPATH_SEARCH_PATHS = "$(inherited) @executable_path/Frameworks @loader_path/Frameworks";
				PRODUCT_BUNDLE_IDENTIFIER = com.TechRapport.hacksmithsTests;
				PRODUCT_NAME = "$(TARGET_NAME)";
				TEST_HOST = "$(BUILT_PRODUCTS_DIR)/hacksmiths.app/hacksmiths";
			};
			name = Debug;
		};
		1FA9FC961C534E5B00B993BC /* Release */ = {
			isa = XCBuildConfiguration;
			buildSettings = {
				BUNDLE_LOADER = "$(TEST_HOST)";
				INFOPLIST_FILE = hacksmithsTests/Info.plist;
				LD_RUNPATH_SEARCH_PATHS = "$(inherited) @executable_path/Frameworks @loader_path/Frameworks";
				PRODUCT_BUNDLE_IDENTIFIER = com.TechRapport.hacksmithsTests;
				PRODUCT_NAME = "$(TARGET_NAME)";
				TEST_HOST = "$(BUILT_PRODUCTS_DIR)/hacksmiths.app/hacksmiths";
			};
			name = Release;
		};
		1FA9FC981C534E5B00B993BC /* Debug */ = {
			isa = XCBuildConfiguration;
			buildSettings = {
				INFOPLIST_FILE = hacksmithsUITests/Info.plist;
				LD_RUNPATH_SEARCH_PATHS = "$(inherited) @executable_path/Frameworks @loader_path/Frameworks";
				PRODUCT_BUNDLE_IDENTIFIER = com.TechRapport.hacksmithsUITests;
				PRODUCT_NAME = "$(TARGET_NAME)";
				TEST_TARGET_NAME = hacksmiths;
				USES_XCTRUNNER = YES;
			};
			name = Debug;
		};
		1FA9FC991C534E5B00B993BC /* Release */ = {
			isa = XCBuildConfiguration;
			buildSettings = {
				INFOPLIST_FILE = hacksmithsUITests/Info.plist;
				LD_RUNPATH_SEARCH_PATHS = "$(inherited) @executable_path/Frameworks @loader_path/Frameworks";
				PRODUCT_BUNDLE_IDENTIFIER = com.TechRapport.hacksmithsUITests;
				PRODUCT_NAME = "$(TARGET_NAME)";
				TEST_TARGET_NAME = hacksmiths;
				USES_XCTRUNNER = YES;
			};
			name = Release;
		};
/* End XCBuildConfiguration section */

/* Begin XCConfigurationList section */
		1FA9FC611C534E5800B993BC /* Build configuration list for PBXProject "hacksmiths" */ = {
			isa = XCConfigurationList;
			buildConfigurations = (
				1FA9FC8F1C534E5B00B993BC /* Debug */,
				1FA9FC901C534E5B00B993BC /* Release */,
			);
			defaultConfigurationIsVisible = 0;
			defaultConfigurationName = Release;
		};
		1FA9FC911C534E5B00B993BC /* Build configuration list for PBXNativeTarget "hacksmiths" */ = {
			isa = XCConfigurationList;
			buildConfigurations = (
				1FA9FC921C534E5B00B993BC /* Debug */,
				1FA9FC931C534E5B00B993BC /* Release */,
			);
			defaultConfigurationIsVisible = 0;
			defaultConfigurationName = Release;
		};
		1FA9FC941C534E5B00B993BC /* Build configuration list for PBXNativeTarget "hacksmithsTests" */ = {
			isa = XCConfigurationList;
			buildConfigurations = (
				1FA9FC951C534E5B00B993BC /* Debug */,
				1FA9FC961C534E5B00B993BC /* Release */,
			);
			defaultConfigurationIsVisible = 0;
			defaultConfigurationName = Release;
		};
		1FA9FC971C534E5B00B993BC /* Build configuration list for PBXNativeTarget "hacksmithsUITests" */ = {
			isa = XCConfigurationList;
			buildConfigurations = (
				1FA9FC981C534E5B00B993BC /* Debug */,
				1FA9FC991C534E5B00B993BC /* Release */,
			);
			defaultConfigurationIsVisible = 0;
			defaultConfigurationName = Release;
		};
/* End XCConfigurationList section */

/* Begin XCVersionGroup section */
		1FA9FC701C534E5A00B993BC /* hacksmiths.xcdatamodeld */ = {
			isa = XCVersionGroup;
			children = (
				1FA9FC711C534E5A00B993BC /* hacksmiths.xcdatamodel */,
			);
			currentVersion = 1FA9FC711C534E5A00B993BC /* hacksmiths.xcdatamodel */;
			path = hacksmiths.xcdatamodeld;
			sourceTree = "<group>";
			versionGroupType = wrapper.xcdatamodel;
		};
/* End XCVersionGroup section */
	};
	rootObject = 1FA9FC5E1C534E5800B993BC /* Project object */;
}
