// !$*UTF8*$!
{
	archiveVersion = 1;
	classes = {
	};
	objectVersion = 46;
	objects = {

/* Begin PBXBuildFile section */
		1F115B4A1CC0060900DC434E /* RegistrationPageViewController.swift in Sources */ = {isa = PBXBuildFile; fileRef = 1F115B491CC0060900DC434E /* RegistrationPageViewController.swift */; };
		1F26C3F71CA0B232001596D2 /* AboutViewController.swift in Sources */ = {isa = PBXBuildFile; fileRef = 1F26C3F61CA0B232001596D2 /* AboutViewController.swift */; };
		1F384A881CF229D400E15887 /* HTTPManager.swift in Sources */ = {isa = PBXBuildFile; fileRef = 1F384A871CF229D400E15887 /* HTTPManager.swift */; };
		1F384A8D1CF25C3F00E15887 /* NextEvent.swift in Sources */ = {isa = PBXBuildFile; fileRef = 1F384A8C1CF25C3F00E15887 /* NextEvent.swift */; };
		1F3DF1391CFA306F0000BBC8 /* Apache License Version 2.txt in Resources */ = {isa = PBXBuildFile; fileRef = 1F3DF12E1CFA306F0000BBC8 /* Apache License Version 2.txt */; };
		1F3DF13A1CFA306F0000BBC8 /* OpenSans-Bold.ttf in Resources */ = {isa = PBXBuildFile; fileRef = 1F3DF12F1CFA306F0000BBC8 /* OpenSans-Bold.ttf */; };
		1F3DF13B1CFA306F0000BBC8 /* OpenSans-BoldItalic.ttf in Resources */ = {isa = PBXBuildFile; fileRef = 1F3DF1301CFA306F0000BBC8 /* OpenSans-BoldItalic.ttf */; };
		1F3DF13C1CFA306F0000BBC8 /* OpenSans-ExtraBold.ttf in Resources */ = {isa = PBXBuildFile; fileRef = 1F3DF1311CFA306F0000BBC8 /* OpenSans-ExtraBold.ttf */; };
		1F3DF13D1CFA306F0000BBC8 /* OpenSans-ExtraBoldItalic.ttf in Resources */ = {isa = PBXBuildFile; fileRef = 1F3DF1321CFA306F0000BBC8 /* OpenSans-ExtraBoldItalic.ttf */; };
		1F3DF13E1CFA306F0000BBC8 /* OpenSans-Italic.ttf in Resources */ = {isa = PBXBuildFile; fileRef = 1F3DF1331CFA306F0000BBC8 /* OpenSans-Italic.ttf */; };
		1F3DF13F1CFA306F0000BBC8 /* OpenSans-Light.ttf in Resources */ = {isa = PBXBuildFile; fileRef = 1F3DF1341CFA306F0000BBC8 /* OpenSans-Light.ttf */; };
		1F3DF1401CFA306F0000BBC8 /* OpenSans-LightItalic.ttf in Resources */ = {isa = PBXBuildFile; fileRef = 1F3DF1351CFA306F0000BBC8 /* OpenSans-LightItalic.ttf */; };
		1F3DF1411CFA306F0000BBC8 /* OpenSans-Regular.ttf in Resources */ = {isa = PBXBuildFile; fileRef = 1F3DF1361CFA306F0000BBC8 /* OpenSans-Regular.ttf */; };
		1F3DF1421CFA306F0000BBC8 /* OpenSans-Semibold.ttf in Resources */ = {isa = PBXBuildFile; fileRef = 1F3DF1371CFA306F0000BBC8 /* OpenSans-Semibold.ttf */; };
		1F3DF1431CFA306F0000BBC8 /* OpenSans-SemiboldItalic.ttf in Resources */ = {isa = PBXBuildFile; fileRef = 1F3DF1381CFA306F0000BBC8 /* OpenSans-SemiboldItalic.ttf */; };
		1F3DF1491CFA795A0000BBC8 /* HelpPageViewController.swift in Sources */ = {isa = PBXBuildFile; fileRef = 1F3DF1481CFA795A0000BBC8 /* HelpPageViewController.swift */; };
		1F3DF14B1CFA79DB0000BBC8 /* HelpLabelViewController.swift in Sources */ = {isa = PBXBuildFile; fileRef = 1F3DF14A1CFA79DB0000BBC8 /* HelpLabelViewController.swift */; };
		1F3DF1511CFABE0E0000BBC8 /* EditProfileViewController.swift in Sources */ = {isa = PBXBuildFile; fileRef = 1F3DF1501CFABE0E0000BBC8 /* EditProfileViewController.swift */; };
		1F3DF1531CFB083E0000BBC8 /* EditProfilePresenter.swift in Sources */ = {isa = PBXBuildFile; fileRef = 1F3DF1521CFB083E0000BBC8 /* EditProfilePresenter.swift */; };
		1F3DF1561CFB6A630000BBC8 /* EnrollmentRouter.swift in Sources */ = {isa = PBXBuildFile; fileRef = 1F3DF1551CFB6A620000BBC8 /* EnrollmentRouter.swift */; };
		1F3DF1581CFB6C090000BBC8 /* EnrollmentService.swift in Sources */ = {isa = PBXBuildFile; fileRef = 1F3DF1571CFB6C090000BBC8 /* EnrollmentService.swift */; };
		1F3DF15A1CFB6C3F0000BBC8 /* Enrollment.swift in Sources */ = {isa = PBXBuildFile; fileRef = 1F3DF1591CFB6C3F0000BBC8 /* Enrollment.swift */; };
		1F3DF15C1CFB6EDD0000BBC8 /* EnrollmentJSON.swift in Sources */ = {isa = PBXBuildFile; fileRef = 1F3DF15B1CFB6EDD0000BBC8 /* EnrollmentJSON.swift */; };
		1F3DF1601CFBCABC0000BBC8 /* EventState.swift in Sources */ = {isa = PBXBuildFile; fileRef = 1F3DF15F1CFBCABC0000BBC8 /* EventState.swift */; };
		1F3DF1A61CFC922B0000BBC8 /* RegistrationJSON.swift in Sources */ = {isa = PBXBuildFile; fileRef = 1F3DF1A51CFC922B0000BBC8 /* RegistrationJSON.swift */; };
		1F44B1BA1C5DDAB9004E196D /* CoreDataStackManager.swift in Sources */ = {isa = PBXBuildFile; fileRef = 1F44B1B91C5DDAB9004E196D /* CoreDataStackManager.swift */; };
		1F46B9EC1CA467250065D50D /* UserData.swift in Sources */ = {isa = PBXBuildFile; fileRef = 1F46B9EB1CA467250065D50D /* UserData.swift */; };
		1F498E151CF78C93009A5AB2 /* SettingsPresenter.swift in Sources */ = {isa = PBXBuildFile; fileRef = 1F498E141CF78C93009A5AB2 /* SettingsPresenter.swift */; };
		1F4B4DF71C72574700A75F5D /* 1Password.xcassets in Resources */ = {isa = PBXBuildFile; fileRef = 1F4B4DF41C72574700A75F5D /* 1Password.xcassets */; };
		1F4B4DF81C72574700A75F5D /* OnePasswordExtension.m in Sources */ = {isa = PBXBuildFile; fileRef = 1F4B4DF61C72574700A75F5D /* OnePasswordExtension.m */; };
		1F4B4DFF1C73A60400A75F5D /* UserService.swift in Sources */ = {isa = PBXBuildFile; fileRef = 1F4B4DFE1C73A60400A75F5D /* UserService.swift */; };
		1F4B4E011C74FCC400A75F5D /* JoinViewController.swift in Sources */ = {isa = PBXBuildFile; fileRef = 1F4B4E001C74FCC400A75F5D /* JoinViewController.swift */; };
		1F4E31561CF0DB3A0013F56E /* IdeaPagePresenter.swift in Sources */ = {isa = PBXBuildFile; fileRef = 1F4E31551CF0DB3A0013F56E /* IdeaPagePresenter.swift */; };
		1F4E31591CF0E1B10013F56E /* ProjectIdeaRouter.swift in Sources */ = {isa = PBXBuildFile; fileRef = 1F4E31581CF0E1B10013F56E /* ProjectIdeaRouter.swift */; };
		1F4E315B1CF0E1C20013F56E /* ProjectIdeaService.swift in Sources */ = {isa = PBXBuildFile; fileRef = 1F4E315A1CF0E1C20013F56E /* ProjectIdeaService.swift */; };
		1F4E315D1CF0E1D30013F56E /* ProjectIdeaJSON.swift in Sources */ = {isa = PBXBuildFile; fileRef = 1F4E315C1CF0E1D30013F56E /* ProjectIdeaJSON.swift */; };
		1F4E315F1CF1096A0013F56E /* ProjectIdea.swift in Sources */ = {isa = PBXBuildFile; fileRef = 1F4E315E1CF1096A0013F56E /* ProjectIdea.swift */; };
		1F4F7EC11CF4B4A800325CA9 /* ProjectIdeaSubmission.swift in Sources */ = {isa = PBXBuildFile; fileRef = 1F4F7EC01CF4B4A800325CA9 /* ProjectIdeaSubmission.swift */; };
		1F4F7EC31CF4B67000325CA9 /* ProjectIdeaSubmissionJSON.swift in Sources */ = {isa = PBXBuildFile; fileRef = 1F4F7EC21CF4B67000325CA9 /* ProjectIdeaSubmissionJSON.swift */; };
		1F4F7EC51CF4BEFC00325CA9 /* EventFetcher.swift in Sources */ = {isa = PBXBuildFile; fileRef = 1F4F7EC41CF4BEFC00325CA9 /* EventFetcher.swift */; };
		1F4F7EC91CF4D50C00325CA9 /* ProfilePresenter.swift in Sources */ = {isa = PBXBuildFile; fileRef = 1F4F7EC81CF4D50C00325CA9 /* ProfilePresenter.swift */; };
		1F4F7ECB1CF4D5A200325CA9 /* UserJSONObject.swift in Sources */ = {isa = PBXBuildFile; fileRef = 1F4F7ECA1CF4D5A200325CA9 /* UserJSONObject.swift */; };
		1F4F7ED01CF4E4AF00325CA9 /* UserProfileService.swift in Sources */ = {isa = PBXBuildFile; fileRef = 1F4F7ECF1CF4E4AF00325CA9 /* UserProfileService.swift */; };
		1F4F7ED21CF4E4C000325CA9 /* UserProfileRouter.swift in Sources */ = {isa = PBXBuildFile; fileRef = 1F4F7ED11CF4E4C000325CA9 /* UserProfileRouter.swift */; };
		1F6C69E81CCC6BB700F15247 /* ParticipantCollectionViewCell.swift in Sources */ = {isa = PBXBuildFile; fileRef = 1F6C69E71CCC6BB700F15247 /* ParticipantCollectionViewCell.swift */; };
		1F7701C21C84B532006FBCE0 /* Montserrat-Black.otf in Resources */ = {isa = PBXBuildFile; fileRef = 1F7701BC1C84B532006FBCE0 /* Montserrat-Black.otf */; };
		1F7701C31C84B532006FBCE0 /* Montserrat-Bold.otf in Resources */ = {isa = PBXBuildFile; fileRef = 1F7701BD1C84B532006FBCE0 /* Montserrat-Bold.otf */; };
		1F7701C41C84B532006FBCE0 /* Montserrat-Hairline.otf in Resources */ = {isa = PBXBuildFile; fileRef = 1F7701BE1C84B532006FBCE0 /* Montserrat-Hairline.otf */; };
		1F7701C51C84B532006FBCE0 /* Montserrat-Light.otf in Resources */ = {isa = PBXBuildFile; fileRef = 1F7701BF1C84B532006FBCE0 /* Montserrat-Light.otf */; };
		1F7701C61C84B532006FBCE0 /* Montserrat-Regular.otf in Resources */ = {isa = PBXBuildFile; fileRef = 1F7701C01C84B532006FBCE0 /* Montserrat-Regular.otf */; };
		1F7701C71C84B532006FBCE0 /* SIL Open Font License.txt in Resources */ = {isa = PBXBuildFile; fileRef = 1F7701C11C84B532006FBCE0 /* SIL Open Font License.txt */; };
		1F846CB01CEBADC8009166D4 /* EventService.swift in Sources */ = {isa = PBXBuildFile; fileRef = 1F846CAF1CEBADC7009166D4 /* EventService.swift */; };
		1F846CB31CEBAF3C009166D4 /* BaseRouter.swift in Sources */ = {isa = PBXBuildFile; fileRef = 1F846CB21CEBAF3C009166D4 /* BaseRouter.swift */; };
		1F846CB51CEBB153009166D4 /* APIKeys.plist in Resources */ = {isa = PBXBuildFile; fileRef = 1F846CB41CEBB153009166D4 /* APIKeys.plist */; };
		1F846CB91CEBB4BE009166D4 /* EventRouter.swift in Sources */ = {isa = PBXBuildFile; fileRef = 1F846CB81CEBB4BE009166D4 /* EventRouter.swift */; };
		1F846CBF1CEBF5E2009166D4 /* EventPresenter.swift in Sources */ = {isa = PBXBuildFile; fileRef = 1F846CBE1CEBF5E2009166D4 /* EventPresenter.swift */; };
		1F846CC11CEBFA5C009166D4 /* HTTPStatusCodes.swift in Sources */ = {isa = PBXBuildFile; fileRef = 1F846CC01CEBFA5C009166D4 /* HTTPStatusCodes.swift */; };
		1F846CC41CEC03C5009166D4 /* IGActivityIndicatorView.swift in Sources */ = {isa = PBXBuildFile; fileRef = 1F846CC31CEC03C5009166D4 /* IGActivityIndicatorView.swift */; };
		1F846CC71CECF7D5009166D4 /* EventJSON.swift in Sources */ = {isa = PBXBuildFile; fileRef = 1F846CC61CECF7D5009166D4 /* EventJSON.swift */; };
		1F846CCA1CED00E3009166D4 /* ParticipantJSON.swift in Sources */ = {isa = PBXBuildFile; fileRef = 1F846CC91CED00E3009166D4 /* ParticipantJSON.swift */; };
		1F846CCE1CED0190009166D4 /* OrganizationJSON.swift in Sources */ = {isa = PBXBuildFile; fileRef = 1F846CCD1CED0190009166D4 /* OrganizationJSON.swift */; };
		1F846CD01CED259D009166D4 /* Participant.swift in Sources */ = {isa = PBXBuildFile; fileRef = 1F846CCF1CED259D009166D4 /* Participant.swift */; };
		1FA2E55B1C67FF020085FC7D /* GlobalConstants.swift in Sources */ = {isa = PBXBuildFile; fileRef = 1FA2E55A1C67FF020085FC7D /* GlobalConstants.swift */; };
		1FA2E55D1C67FF550085FC7D /* HacksmithsAPIClient.swift in Sources */ = {isa = PBXBuildFile; fileRef = 1FA2E55C1C67FF550085FC7D /* HacksmithsAPIClient.swift */; };
		1FA2E55F1C6802680085FC7D /* ImageCache.swift in Sources */ = {isa = PBXBuildFile; fileRef = 1FA2E55E1C6802680085FC7D /* ImageCache.swift */; };
		1FA2E5611C68029C0085FC7D /* HacksmithsAPIConstants.swift in Sources */ = {isa = PBXBuildFile; fileRef = 1FA2E5601C68029C0085FC7D /* HacksmithsAPIConstants.swift */; };
		1FA2E5631C6802AC0085FC7D /* HacksmithsAPIUserConvenience.swift in Sources */ = {isa = PBXBuildFile; fileRef = 1FA2E5621C6802AC0085FC7D /* HacksmithsAPIUserConvenience.swift */; };
		1FA5A4E81C53585500722E55 /* SettingsViewController.swift in Sources */ = {isa = PBXBuildFile; fileRef = 1FA5A4E71C53585500722E55 /* SettingsViewController.swift */; };
		1FA5A4EC1C53586D00722E55 /* CommunityViewController.swift in Sources */ = {isa = PBXBuildFile; fileRef = 1FA5A4EB1C53586D00722E55 /* CommunityViewController.swift */; };
		1FA5A4EE1C535A9500722E55 /* Extensions.swift in Sources */ = {isa = PBXBuildFile; fileRef = 1FA5A4ED1C535A9500722E55 /* Extensions.swift */; };
		1FA5A4F01C535D6C00722E55 /* LoginViewController.swift in Sources */ = {isa = PBXBuildFile; fileRef = 1FA5A4EF1C535D6C00722E55 /* LoginViewController.swift */; };
		1FA9FC6A1C534E5900B993BC /* AppDelegate.swift in Sources */ = {isa = PBXBuildFile; fileRef = 1FA9FC691C534E5900B993BC /* AppDelegate.swift */; };
		1FA9FC6F1C534E5A00B993BC /* Main.storyboard in Resources */ = {isa = PBXBuildFile; fileRef = 1FA9FC6D1C534E5A00B993BC /* Main.storyboard */; };
		1FA9FC721C534E5A00B993BC /* hacksmiths.xcdatamodeld in Sources */ = {isa = PBXBuildFile; fileRef = 1FA9FC701C534E5A00B993BC /* hacksmiths.xcdatamodeld */; };
		1FA9FC741C534E5A00B993BC /* Assets.xcassets in Resources */ = {isa = PBXBuildFile; fileRef = 1FA9FC731C534E5A00B993BC /* Assets.xcassets */; };
		1FA9FC771C534E5A00B993BC /* LaunchScreen.storyboard in Resources */ = {isa = PBXBuildFile; fileRef = 1FA9FC751C534E5A00B993BC /* LaunchScreen.storyboard */; };
		1FA9FC821C534E5B00B993BC /* hacksmithsTests.swift in Sources */ = {isa = PBXBuildFile; fileRef = 1FA9FC811C534E5B00B993BC /* hacksmithsTests.swift */; };
		1FA9FC8D1C534E5B00B993BC /* hacksmithsUITests.swift in Sources */ = {isa = PBXBuildFile; fileRef = 1FA9FC8C1C534E5B00B993BC /* hacksmithsUITests.swift */; };
		1FA9FC9B1C53563700B993BC /* EventViewController.swift in Sources */ = {isa = PBXBuildFile; fileRef = 1FA9FC9A1C53563700B993BC /* EventViewController.swift */; };
		1FAD7DB91CEE64EB0044BD94 /* NextEventJSON.swift in Sources */ = {isa = PBXBuildFile; fileRef = 1FAD7DB81CEE64EB0044BD94 /* NextEventJSON.swift */; };
		1FC6DE3E1C9F36BF000E8159 /* ProfileViewController.swift in Sources */ = {isa = PBXBuildFile; fileRef = 1FC6DE3D1C9F36BF000E8159 /* ProfileViewController.swift */; };
		1FC6DE471C9F6DC5000E8159 /* RegistrationViewModel.swift in Sources */ = {isa = PBXBuildFile; fileRef = 1FC6DE461C9F6DC5000E8159 /* RegistrationViewModel.swift */; };
		1FE4B3131C6ADE050011ECAE /* PersonViewController.swift in Sources */ = {isa = PBXBuildFile; fileRef = 1FE4B3121C6ADE050011ECAE /* PersonViewController.swift */; };
		1FE5F91B1CD8288800487CA8 /* RCCircularImageView.swift in Sources */ = {isa = PBXBuildFile; fileRef = 1FE5F91A1CD8288800487CA8 /* RCCircularImageView.swift */; };
		1FEA07BC1CEFD0F500D4BDA7 /* CommunityPresenter.swift in Sources */ = {isa = PBXBuildFile; fileRef = 1FEA07BB1CEFD0F500D4BDA7 /* CommunityPresenter.swift */; };
		1FEA07BF1CEFD22400D4BDA7 /* PersonPresenter.swift in Sources */ = {isa = PBXBuildFile; fileRef = 1FEA07BE1CEFD22400D4BDA7 /* PersonPresenter.swift */; };
		1FEA07C21CEFFD2E00D4BDA7 /* IdeaSubmissionPresenter.swift in Sources */ = {isa = PBXBuildFile; fileRef = 1FEA07C11CEFFD2E00D4BDA7 /* IdeaSubmissionPresenter.swift */; };
		1FEA07C51CEFFD4700D4BDA7 /* IdeaSubmissionViewController.swift in Sources */ = {isa = PBXBuildFile; fileRef = 1FEA07C41CEFFD4700D4BDA7 /* IdeaSubmissionViewController.swift */; };
		1FEA07C81CEFFE3800D4BDA7 /* IdeaPageViewController.swift in Sources */ = {isa = PBXBuildFile; fileRef = 1FEA07C71CEFFE3800D4BDA7 /* IdeaPageViewController.swift */; };
		1FEA07CE1CF00BE400D4BDA7 /* LoginPresenter.swift in Sources */ = {isa = PBXBuildFile; fileRef = 1FEA07CD1CF00BE400D4BDA7 /* LoginPresenter.swift */; };
		1FF998921C6EB359003D98B2 /* MainTabBarController.swift in Sources */ = {isa = PBXBuildFile; fileRef = 1FF998911C6EB359003D98B2 /* MainTabBarController.swift */; };
		1FF998971C6FAE3E003D98B2 /* Person.swift in Sources */ = {isa = PBXBuildFile; fileRef = 1FF998961C6FAE3E003D98B2 /* Person.swift */; };
		1FF998991C6FAEDE003D98B2 /* Event.swift in Sources */ = {isa = PBXBuildFile; fileRef = 1FF998981C6FAEDE003D98B2 /* Event.swift */; };
		1FF9989D1C6FB060003D98B2 /* Organization.swift in Sources */ = {isa = PBXBuildFile; fileRef = 1FF9989C1C6FB060003D98B2 /* Organization.swift */; };
		1FF998A11C71387C003D98B2 /* PersonTableViewCell.swift in Sources */ = {isa = PBXBuildFile; fileRef = 1FF998A01C71387C003D98B2 /* PersonTableViewCell.swift */; };
		944BA94349C31AD439B9CB55 /* Pods_hacksmiths.framework in Frameworks */ = {isa = PBXBuildFile; fileRef = F1D439823755832D7DEC3CC3 /* Pods_hacksmiths.framework */; };
/* End PBXBuildFile section */

/* Begin PBXContainerItemProxy section */
		1FA9FC7E1C534E5B00B993BC /* PBXContainerItemProxy */ = {
			isa = PBXContainerItemProxy;
			containerPortal = 1FA9FC5E1C534E5800B993BC /* Project object */;
			proxyType = 1;
			remoteGlobalIDString = 1FA9FC651C534E5800B993BC;
			remoteInfo = hacksmiths;
		};
		1FA9FC891C534E5B00B993BC /* PBXContainerItemProxy */ = {
			isa = PBXContainerItemProxy;
			containerPortal = 1FA9FC5E1C534E5800B993BC /* Project object */;
			proxyType = 1;
			remoteGlobalIDString = 1FA9FC651C534E5800B993BC;
			remoteInfo = hacksmiths;
		};
/* End PBXContainerItemProxy section */

/* Begin PBXFileReference section */
		1F115B491CC0060900DC434E /* RegistrationPageViewController.swift */ = {isa = PBXFileReference; fileEncoding = 4; lastKnownFileType = sourcecode.swift; path = RegistrationPageViewController.swift; sourceTree = "<group>"; };
		1F26C3F61CA0B232001596D2 /* AboutViewController.swift */ = {isa = PBXFileReference; fileEncoding = 4; lastKnownFileType = sourcecode.swift; path = AboutViewController.swift; sourceTree = "<group>"; };
		1F384A871CF229D400E15887 /* HTTPManager.swift */ = {isa = PBXFileReference; fileEncoding = 4; lastKnownFileType = sourcecode.swift; path = HTTPManager.swift; sourceTree = "<group>"; };
		1F384A8C1CF25C3F00E15887 /* NextEvent.swift */ = {isa = PBXFileReference; fileEncoding = 4; lastKnownFileType = sourcecode.swift; path = NextEvent.swift; sourceTree = "<group>"; };
		1F3DF12E1CFA306F0000BBC8 /* Apache License Version 2.txt */ = {isa = PBXFileReference; fileEncoding = 4; lastKnownFileType = text; path = "Apache License Version 2.txt"; sourceTree = "<group>"; };
		1F3DF12F1CFA306F0000BBC8 /* OpenSans-Bold.ttf */ = {isa = PBXFileReference; lastKnownFileType = file; path = "OpenSans-Bold.ttf"; sourceTree = "<group>"; };
		1F3DF1301CFA306F0000BBC8 /* OpenSans-BoldItalic.ttf */ = {isa = PBXFileReference; lastKnownFileType = file; path = "OpenSans-BoldItalic.ttf"; sourceTree = "<group>"; };
		1F3DF1311CFA306F0000BBC8 /* OpenSans-ExtraBold.ttf */ = {isa = PBXFileReference; lastKnownFileType = file; path = "OpenSans-ExtraBold.ttf"; sourceTree = "<group>"; };
		1F3DF1321CFA306F0000BBC8 /* OpenSans-ExtraBoldItalic.ttf */ = {isa = PBXFileReference; lastKnownFileType = file; path = "OpenSans-ExtraBoldItalic.ttf"; sourceTree = "<group>"; };
		1F3DF1331CFA306F0000BBC8 /* OpenSans-Italic.ttf */ = {isa = PBXFileReference; lastKnownFileType = file; path = "OpenSans-Italic.ttf"; sourceTree = "<group>"; };
		1F3DF1341CFA306F0000BBC8 /* OpenSans-Light.ttf */ = {isa = PBXFileReference; lastKnownFileType = file; path = "OpenSans-Light.ttf"; sourceTree = "<group>"; };
		1F3DF1351CFA306F0000BBC8 /* OpenSans-LightItalic.ttf */ = {isa = PBXFileReference; lastKnownFileType = file; path = "OpenSans-LightItalic.ttf"; sourceTree = "<group>"; };
		1F3DF1361CFA306F0000BBC8 /* OpenSans-Regular.ttf */ = {isa = PBXFileReference; lastKnownFileType = file; path = "OpenSans-Regular.ttf"; sourceTree = "<group>"; };
		1F3DF1371CFA306F0000BBC8 /* OpenSans-Semibold.ttf */ = {isa = PBXFileReference; lastKnownFileType = file; path = "OpenSans-Semibold.ttf"; sourceTree = "<group>"; };
		1F3DF1381CFA306F0000BBC8 /* OpenSans-SemiboldItalic.ttf */ = {isa = PBXFileReference; lastKnownFileType = file; path = "OpenSans-SemiboldItalic.ttf"; sourceTree = "<group>"; };
		1F3DF1481CFA795A0000BBC8 /* HelpPageViewController.swift */ = {isa = PBXFileReference; fileEncoding = 4; lastKnownFileType = sourcecode.swift; name = HelpPageViewController.swift; path = ../HelpPageViewController.swift; sourceTree = "<group>"; };
		1F3DF14A1CFA79DB0000BBC8 /* HelpLabelViewController.swift */ = {isa = PBXFileReference; fileEncoding = 4; lastKnownFileType = sourcecode.swift; name = HelpLabelViewController.swift; path = ../HelpLabelViewController.swift; sourceTree = "<group>"; };
		1F3DF1501CFABE0E0000BBC8 /* EditProfileViewController.swift */ = {isa = PBXFileReference; fileEncoding = 4; lastKnownFileType = sourcecode.swift; name = EditProfileViewController.swift; path = ../EditProfileViewController.swift; sourceTree = "<group>"; };
		1F3DF1521CFB083E0000BBC8 /* EditProfilePresenter.swift */ = {isa = PBXFileReference; fileEncoding = 4; lastKnownFileType = sourcecode.swift; path = EditProfilePresenter.swift; sourceTree = "<group>"; };
		1F3DF1551CFB6A620000BBC8 /* EnrollmentRouter.swift */ = {isa = PBXFileReference; fileEncoding = 4; lastKnownFileType = sourcecode.swift; path = EnrollmentRouter.swift; sourceTree = "<group>"; };
		1F3DF1571CFB6C090000BBC8 /* EnrollmentService.swift */ = {isa = PBXFileReference; fileEncoding = 4; lastKnownFileType = sourcecode.swift; path = EnrollmentService.swift; sourceTree = "<group>"; };
		1F3DF1591CFB6C3F0000BBC8 /* Enrollment.swift */ = {isa = PBXFileReference; fileEncoding = 4; lastKnownFileType = sourcecode.swift; path = Enrollment.swift; sourceTree = "<group>"; };
		1F3DF15B1CFB6EDD0000BBC8 /* EnrollmentJSON.swift */ = {isa = PBXFileReference; fileEncoding = 4; lastKnownFileType = sourcecode.swift; path = EnrollmentJSON.swift; sourceTree = "<group>"; };
		1F3DF15F1CFBCABC0000BBC8 /* EventState.swift */ = {isa = PBXFileReference; fileEncoding = 4; lastKnownFileType = sourcecode.swift; path = EventState.swift; sourceTree = "<group>"; };
		1F3DF1A51CFC922B0000BBC8 /* RegistrationJSON.swift */ = {isa = PBXFileReference; fileEncoding = 4; lastKnownFileType = sourcecode.swift; path = RegistrationJSON.swift; sourceTree = "<group>"; };
		1F44B1B91C5DDAB9004E196D /* CoreDataStackManager.swift */ = {isa = PBXFileReference; fileEncoding = 4; lastKnownFileType = sourcecode.swift; path = CoreDataStackManager.swift; sourceTree = "<group>"; };
		1F46B9EB1CA467250065D50D /* UserData.swift */ = {isa = PBXFileReference; fileEncoding = 4; lastKnownFileType = sourcecode.swift; path = UserData.swift; sourceTree = "<group>"; };
		1F498E141CF78C93009A5AB2 /* SettingsPresenter.swift */ = {isa = PBXFileReference; fileEncoding = 4; lastKnownFileType = sourcecode.swift; path = SettingsPresenter.swift; sourceTree = "<group>"; };
		1F4B4DF31C72574600A75F5D /* hacksmiths-Bridging-Header.h */ = {isa = PBXFileReference; lastKnownFileType = sourcecode.c.h; path = "hacksmiths-Bridging-Header.h"; sourceTree = "<group>"; };
		1F4B4DF41C72574700A75F5D /* 1Password.xcassets */ = {isa = PBXFileReference; lastKnownFileType = folder.assetcatalog; path = 1Password.xcassets; sourceTree = "<group>"; };
		1F4B4DF51C72574700A75F5D /* OnePasswordExtension.h */ = {isa = PBXFileReference; fileEncoding = 4; lastKnownFileType = sourcecode.c.h; path = OnePasswordExtension.h; sourceTree = "<group>"; };
		1F4B4DF61C72574700A75F5D /* OnePasswordExtension.m */ = {isa = PBXFileReference; fileEncoding = 4; lastKnownFileType = sourcecode.c.objc; path = OnePasswordExtension.m; sourceTree = "<group>"; };
		1F4B4DFE1C73A60400A75F5D /* UserService.swift */ = {isa = PBXFileReference; fileEncoding = 4; lastKnownFileType = sourcecode.swift; path = UserService.swift; sourceTree = "<group>"; };
		1F4B4E001C74FCC400A75F5D /* JoinViewController.swift */ = {isa = PBXFileReference; fileEncoding = 4; lastKnownFileType = sourcecode.swift; path = JoinViewController.swift; sourceTree = "<group>"; };
		1F4E31551CF0DB3A0013F56E /* IdeaPagePresenter.swift */ = {isa = PBXFileReference; fileEncoding = 4; lastKnownFileType = sourcecode.swift; path = IdeaPagePresenter.swift; sourceTree = "<group>"; };
		1F4E31581CF0E1B10013F56E /* ProjectIdeaRouter.swift */ = {isa = PBXFileReference; fileEncoding = 4; lastKnownFileType = sourcecode.swift; path = ProjectIdeaRouter.swift; sourceTree = "<group>"; };
		1F4E315A1CF0E1C20013F56E /* ProjectIdeaService.swift */ = {isa = PBXFileReference; fileEncoding = 4; lastKnownFileType = sourcecode.swift; path = ProjectIdeaService.swift; sourceTree = "<group>"; };
		1F4E315C1CF0E1D30013F56E /* ProjectIdeaJSON.swift */ = {isa = PBXFileReference; fileEncoding = 4; lastKnownFileType = sourcecode.swift; path = ProjectIdeaJSON.swift; sourceTree = "<group>"; };
		1F4E315E1CF1096A0013F56E /* ProjectIdea.swift */ = {isa = PBXFileReference; fileEncoding = 4; lastKnownFileType = sourcecode.swift; path = ProjectIdea.swift; sourceTree = "<group>"; };
		1F4F7EC01CF4B4A800325CA9 /* ProjectIdeaSubmission.swift */ = {isa = PBXFileReference; fileEncoding = 4; lastKnownFileType = sourcecode.swift; path = ProjectIdeaSubmission.swift; sourceTree = "<group>"; };
		1F4F7EC21CF4B67000325CA9 /* ProjectIdeaSubmissionJSON.swift */ = {isa = PBXFileReference; fileEncoding = 4; lastKnownFileType = sourcecode.swift; path = ProjectIdeaSubmissionJSON.swift; sourceTree = "<group>"; };
		1F4F7EC41CF4BEFC00325CA9 /* EventFetcher.swift */ = {isa = PBXFileReference; fileEncoding = 4; lastKnownFileType = sourcecode.swift; path = EventFetcher.swift; sourceTree = "<group>"; };
		1F4F7EC81CF4D50C00325CA9 /* ProfilePresenter.swift */ = {isa = PBXFileReference; fileEncoding = 4; lastKnownFileType = sourcecode.swift; path = ProfilePresenter.swift; sourceTree = "<group>"; };
		1F4F7ECA1CF4D5A200325CA9 /* UserJSONObject.swift */ = {isa = PBXFileReference; fileEncoding = 4; lastKnownFileType = sourcecode.swift; path = UserJSONObject.swift; sourceTree = "<group>"; };
		1F4F7ECF1CF4E4AF00325CA9 /* UserProfileService.swift */ = {isa = PBXFileReference; fileEncoding = 4; lastKnownFileType = sourcecode.swift; path = UserProfileService.swift; sourceTree = "<group>"; };
		1F4F7ED11CF4E4C000325CA9 /* UserProfileRouter.swift */ = {isa = PBXFileReference; fileEncoding = 4; lastKnownFileType = sourcecode.swift; path = UserProfileRouter.swift; sourceTree = "<group>"; };
		1F6C69E71CCC6BB700F15247 /* ParticipantCollectionViewCell.swift */ = {isa = PBXFileReference; fileEncoding = 4; lastKnownFileType = sourcecode.swift; path = ParticipantCollectionViewCell.swift; sourceTree = "<group>"; };
		1F7701BC1C84B532006FBCE0 /* Montserrat-Black.otf */ = {isa = PBXFileReference; lastKnownFileType = file; path = "Montserrat-Black.otf"; sourceTree = "<group>"; };
		1F7701BD1C84B532006FBCE0 /* Montserrat-Bold.otf */ = {isa = PBXFileReference; lastKnownFileType = file; path = "Montserrat-Bold.otf"; sourceTree = "<group>"; };
		1F7701BE1C84B532006FBCE0 /* Montserrat-Hairline.otf */ = {isa = PBXFileReference; lastKnownFileType = file; path = "Montserrat-Hairline.otf"; sourceTree = "<group>"; };
		1F7701BF1C84B532006FBCE0 /* Montserrat-Light.otf */ = {isa = PBXFileReference; lastKnownFileType = file; path = "Montserrat-Light.otf"; sourceTree = "<group>"; };
		1F7701C01C84B532006FBCE0 /* Montserrat-Regular.otf */ = {isa = PBXFileReference; lastKnownFileType = file; path = "Montserrat-Regular.otf"; sourceTree = "<group>"; };
		1F7701C11C84B532006FBCE0 /* SIL Open Font License.txt */ = {isa = PBXFileReference; fileEncoding = 4; lastKnownFileType = text; path = "SIL Open Font License.txt"; sourceTree = "<group>"; };
		1F846CAF1CEBADC7009166D4 /* EventService.swift */ = {isa = PBXFileReference; fileEncoding = 4; lastKnownFileType = sourcecode.swift; path = EventService.swift; sourceTree = "<group>"; };
		1F846CB21CEBAF3C009166D4 /* BaseRouter.swift */ = {isa = PBXFileReference; fileEncoding = 4; lastKnownFileType = sourcecode.swift; path = BaseRouter.swift; sourceTree = "<group>"; };
		1F846CB41CEBB153009166D4 /* APIKeys.plist */ = {isa = PBXFileReference; fileEncoding = 4; lastKnownFileType = text.plist.xml; path = APIKeys.plist; sourceTree = "<group>"; };
		1F846CB81CEBB4BE009166D4 /* EventRouter.swift */ = {isa = PBXFileReference; fileEncoding = 4; lastKnownFileType = sourcecode.swift; path = EventRouter.swift; sourceTree = "<group>"; };
		1F846CBE1CEBF5E2009166D4 /* EventPresenter.swift */ = {isa = PBXFileReference; fileEncoding = 4; lastKnownFileType = sourcecode.swift; path = EventPresenter.swift; sourceTree = "<group>"; };
		1F846CC01CEBFA5C009166D4 /* HTTPStatusCodes.swift */ = {isa = PBXFileReference; fileEncoding = 4; lastKnownFileType = sourcecode.swift; path = HTTPStatusCodes.swift; sourceTree = "<group>"; };
		1F846CC31CEC03C5009166D4 /* IGActivityIndicatorView.swift */ = {isa = PBXFileReference; fileEncoding = 4; lastKnownFileType = sourcecode.swift; path = IGActivityIndicatorView.swift; sourceTree = "<group>"; };
		1F846CC61CECF7D5009166D4 /* EventJSON.swift */ = {isa = PBXFileReference; fileEncoding = 4; lastKnownFileType = sourcecode.swift; path = EventJSON.swift; sourceTree = "<group>"; };
		1F846CC91CED00E3009166D4 /* ParticipantJSON.swift */ = {isa = PBXFileReference; fileEncoding = 4; lastKnownFileType = sourcecode.swift; path = ParticipantJSON.swift; sourceTree = "<group>"; };
		1F846CCD1CED0190009166D4 /* OrganizationJSON.swift */ = {isa = PBXFileReference; fileEncoding = 4; lastKnownFileType = sourcecode.swift; path = OrganizationJSON.swift; sourceTree = "<group>"; };
		1F846CCF1CED259D009166D4 /* Participant.swift */ = {isa = PBXFileReference; fileEncoding = 4; lastKnownFileType = sourcecode.swift; path = Participant.swift; sourceTree = "<group>"; };
		1FA2E55A1C67FF020085FC7D /* GlobalConstants.swift */ = {isa = PBXFileReference; fileEncoding = 4; lastKnownFileType = sourcecode.swift; path = GlobalConstants.swift; sourceTree = "<group>"; };
		1FA2E55C1C67FF550085FC7D /* HacksmithsAPIClient.swift */ = {isa = PBXFileReference; fileEncoding = 4; lastKnownFileType = sourcecode.swift; path = HacksmithsAPIClient.swift; sourceTree = "<group>"; };
		1FA2E55E1C6802680085FC7D /* ImageCache.swift */ = {isa = PBXFileReference; fileEncoding = 4; lastKnownFileType = sourcecode.swift; path = ImageCache.swift; sourceTree = "<group>"; };
		1FA2E5601C68029C0085FC7D /* HacksmithsAPIConstants.swift */ = {isa = PBXFileReference; fileEncoding = 4; lastKnownFileType = sourcecode.swift; path = HacksmithsAPIConstants.swift; sourceTree = "<group>"; };
		1FA2E5621C6802AC0085FC7D /* HacksmithsAPIUserConvenience.swift */ = {isa = PBXFileReference; fileEncoding = 4; lastKnownFileType = sourcecode.swift; path = HacksmithsAPIUserConvenience.swift; sourceTree = "<group>"; };
		1FA5A4E71C53585500722E55 /* SettingsViewController.swift */ = {isa = PBXFileReference; fileEncoding = 4; lastKnownFileType = sourcecode.swift; path = SettingsViewController.swift; sourceTree = "<group>"; };
		1FA5A4EB1C53586D00722E55 /* CommunityViewController.swift */ = {isa = PBXFileReference; fileEncoding = 4; lastKnownFileType = sourcecode.swift; path = CommunityViewController.swift; sourceTree = "<group>"; };
		1FA5A4ED1C535A9500722E55 /* Extensions.swift */ = {isa = PBXFileReference; fileEncoding = 4; lastKnownFileType = sourcecode.swift; path = Extensions.swift; sourceTree = "<group>"; };
		1FA5A4EF1C535D6C00722E55 /* LoginViewController.swift */ = {isa = PBXFileReference; fileEncoding = 4; lastKnownFileType = sourcecode.swift; path = LoginViewController.swift; sourceTree = "<group>"; };
		1FA9FC661C534E5800B993BC /* hacksmiths.app */ = {isa = PBXFileReference; explicitFileType = wrapper.application; includeInIndex = 0; path = hacksmiths.app; sourceTree = BUILT_PRODUCTS_DIR; };
		1FA9FC691C534E5900B993BC /* AppDelegate.swift */ = {isa = PBXFileReference; lastKnownFileType = sourcecode.swift; path = AppDelegate.swift; sourceTree = "<group>"; };
		1FA9FC6E1C534E5A00B993BC /* Base */ = {isa = PBXFileReference; lastKnownFileType = file.storyboard; name = Base; path = Base.lproj/Main.storyboard; sourceTree = "<group>"; };
		1FA9FC711C534E5A00B993BC /* hacksmiths.xcdatamodel */ = {isa = PBXFileReference; lastKnownFileType = wrapper.xcdatamodel; path = hacksmiths.xcdatamodel; sourceTree = "<group>"; };
		1FA9FC731C534E5A00B993BC /* Assets.xcassets */ = {isa = PBXFileReference; lastKnownFileType = folder.assetcatalog; name = Assets.xcassets; path = hacksmiths/Assets.xcassets; sourceTree = "<group>"; };
		1FA9FC761C534E5A00B993BC /* Base */ = {isa = PBXFileReference; lastKnownFileType = file.storyboard; name = Base; path = Base.lproj/LaunchScreen.storyboard; sourceTree = "<group>"; };
		1FA9FC781C534E5A00B993BC /* Info.plist */ = {isa = PBXFileReference; lastKnownFileType = text.plist.xml; name = Info.plist; path = hacksmiths/Info.plist; sourceTree = "<group>"; };
		1FA9FC7D1C534E5B00B993BC /* hacksmithsTests.xctest */ = {isa = PBXFileReference; explicitFileType = wrapper.cfbundle; includeInIndex = 0; path = hacksmithsTests.xctest; sourceTree = BUILT_PRODUCTS_DIR; };
		1FA9FC811C534E5B00B993BC /* hacksmithsTests.swift */ = {isa = PBXFileReference; lastKnownFileType = sourcecode.swift; path = hacksmithsTests.swift; sourceTree = "<group>"; };
		1FA9FC831C534E5B00B993BC /* Info.plist */ = {isa = PBXFileReference; lastKnownFileType = text.plist.xml; path = Info.plist; sourceTree = "<group>"; };
		1FA9FC881C534E5B00B993BC /* hacksmithsUITests.xctest */ = {isa = PBXFileReference; explicitFileType = wrapper.cfbundle; includeInIndex = 0; path = hacksmithsUITests.xctest; sourceTree = BUILT_PRODUCTS_DIR; };
		1FA9FC8C1C534E5B00B993BC /* hacksmithsUITests.swift */ = {isa = PBXFileReference; lastKnownFileType = sourcecode.swift; path = hacksmithsUITests.swift; sourceTree = "<group>"; };
		1FA9FC8E1C534E5B00B993BC /* Info.plist */ = {isa = PBXFileReference; lastKnownFileType = text.plist.xml; path = Info.plist; sourceTree = "<group>"; };
		1FA9FC9A1C53563700B993BC /* EventViewController.swift */ = {isa = PBXFileReference; fileEncoding = 4; lastKnownFileType = sourcecode.swift; path = EventViewController.swift; sourceTree = "<group>"; };
		1FAD7DB81CEE64EB0044BD94 /* NextEventJSON.swift */ = {isa = PBXFileReference; fileEncoding = 4; lastKnownFileType = sourcecode.swift; path = NextEventJSON.swift; sourceTree = "<group>"; };
		1FC6DE3D1C9F36BF000E8159 /* ProfileViewController.swift */ = {isa = PBXFileReference; fileEncoding = 4; lastKnownFileType = sourcecode.swift; path = ProfileViewController.swift; sourceTree = "<group>"; };
		1FC6DE461C9F6DC5000E8159 /* RegistrationViewModel.swift */ = {isa = PBXFileReference; fileEncoding = 4; lastKnownFileType = sourcecode.swift; path = RegistrationViewModel.swift; sourceTree = "<group>"; };
		1FE4B3121C6ADE050011ECAE /* PersonViewController.swift */ = {isa = PBXFileReference; fileEncoding = 4; lastKnownFileType = sourcecode.swift; path = PersonViewController.swift; sourceTree = "<group>"; };
		1FE5F91A1CD8288800487CA8 /* RCCircularImageView.swift */ = {isa = PBXFileReference; fileEncoding = 4; lastKnownFileType = sourcecode.swift; path = RCCircularImageView.swift; sourceTree = "<group>"; };
		1FEA07BB1CEFD0F500D4BDA7 /* CommunityPresenter.swift */ = {isa = PBXFileReference; fileEncoding = 4; lastKnownFileType = sourcecode.swift; path = CommunityPresenter.swift; sourceTree = "<group>"; };
		1FEA07BE1CEFD22400D4BDA7 /* PersonPresenter.swift */ = {isa = PBXFileReference; fileEncoding = 4; lastKnownFileType = sourcecode.swift; path = PersonPresenter.swift; sourceTree = "<group>"; };
		1FEA07C11CEFFD2E00D4BDA7 /* IdeaSubmissionPresenter.swift */ = {isa = PBXFileReference; fileEncoding = 4; lastKnownFileType = sourcecode.swift; path = IdeaSubmissionPresenter.swift; sourceTree = "<group>"; };
		1FEA07C41CEFFD4700D4BDA7 /* IdeaSubmissionViewController.swift */ = {isa = PBXFileReference; fileEncoding = 4; lastKnownFileType = sourcecode.swift; path = IdeaSubmissionViewController.swift; sourceTree = "<group>"; };
		1FEA07C71CEFFE3800D4BDA7 /* IdeaPageViewController.swift */ = {isa = PBXFileReference; fileEncoding = 4; lastKnownFileType = sourcecode.swift; path = IdeaPageViewController.swift; sourceTree = "<group>"; };
		1FEA07CD1CF00BE400D4BDA7 /* LoginPresenter.swift */ = {isa = PBXFileReference; fileEncoding = 4; lastKnownFileType = sourcecode.swift; path = LoginPresenter.swift; sourceTree = "<group>"; };
		1FF998911C6EB359003D98B2 /* MainTabBarController.swift */ = {isa = PBXFileReference; fileEncoding = 4; lastKnownFileType = sourcecode.swift; path = MainTabBarController.swift; sourceTree = "<group>"; };
		1FF998961C6FAE3E003D98B2 /* Person.swift */ = {isa = PBXFileReference; fileEncoding = 4; lastKnownFileType = sourcecode.swift; path = Person.swift; sourceTree = "<group>"; };
		1FF998981C6FAEDE003D98B2 /* Event.swift */ = {isa = PBXFileReference; fileEncoding = 4; lastKnownFileType = sourcecode.swift; path = Event.swift; sourceTree = "<group>"; };
		1FF9989C1C6FB060003D98B2 /* Organization.swift */ = {isa = PBXFileReference; fileEncoding = 4; lastKnownFileType = sourcecode.swift; path = Organization.swift; sourceTree = "<group>"; };
		1FF998A01C71387C003D98B2 /* PersonTableViewCell.swift */ = {isa = PBXFileReference; fileEncoding = 4; lastKnownFileType = sourcecode.swift; path = PersonTableViewCell.swift; sourceTree = "<group>"; };
		2191EFCDC3E224734A81AEB7 /* Pods.release.xcconfig */ = {isa = PBXFileReference; includeInIndex = 1; lastKnownFileType = text.xcconfig; name = Pods.release.xcconfig; path = "Pods/Target Support Files/Pods/Pods.release.xcconfig"; sourceTree = "<group>"; };
		2F01D804491290ED3ADAFE2E /* Pods.framework */ = {isa = PBXFileReference; explicitFileType = wrapper.framework; includeInIndex = 0; path = Pods.framework; sourceTree = BUILT_PRODUCTS_DIR; };
		45292B4C83993EE9BF28F373 /* Pods-hacksmiths.release.xcconfig */ = {isa = PBXFileReference; includeInIndex = 1; lastKnownFileType = text.xcconfig; name = "Pods-hacksmiths.release.xcconfig"; path = "Pods/Target Support Files/Pods-hacksmiths/Pods-hacksmiths.release.xcconfig"; sourceTree = "<group>"; };
		77B0418AD09E41086E724154 /* Pods-hacksmiths.debug.xcconfig */ = {isa = PBXFileReference; includeInIndex = 1; lastKnownFileType = text.xcconfig; name = "Pods-hacksmiths.debug.xcconfig"; path = "Pods/Target Support Files/Pods-hacksmiths/Pods-hacksmiths.debug.xcconfig"; sourceTree = "<group>"; };
		DA5C00C756EC56DE13602503 /* Pods.debug.xcconfig */ = {isa = PBXFileReference; includeInIndex = 1; lastKnownFileType = text.xcconfig; name = Pods.debug.xcconfig; path = "Pods/Target Support Files/Pods/Pods.debug.xcconfig"; sourceTree = "<group>"; };
		F1D439823755832D7DEC3CC3 /* Pods_hacksmiths.framework */ = {isa = PBXFileReference; explicitFileType = wrapper.framework; includeInIndex = 0; path = Pods_hacksmiths.framework; sourceTree = BUILT_PRODUCTS_DIR; };
/* End PBXFileReference section */

/* Begin PBXFrameworksBuildPhase section */
		1FA9FC631C534E5800B993BC /* Frameworks */ = {
			isa = PBXFrameworksBuildPhase;
			buildActionMask = 2147483647;
			files = (
				944BA94349C31AD439B9CB55 /* Pods_hacksmiths.framework in Frameworks */,
			);
			runOnlyForDeploymentPostprocessing = 0;
		};
		1FA9FC7A1C534E5B00B993BC /* Frameworks */ = {
			isa = PBXFrameworksBuildPhase;
			buildActionMask = 2147483647;
			files = (
			);
			runOnlyForDeploymentPostprocessing = 0;
		};
		1FA9FC851C534E5B00B993BC /* Frameworks */ = {
			isa = PBXFrameworksBuildPhase;
			buildActionMask = 2147483647;
			files = (
			);
			runOnlyForDeploymentPostprocessing = 0;
		};
/* End PBXFrameworksBuildPhase section */

/* Begin PBXGroup section */
		0D98368467E61E6AF42B9A62 /* Pods */ = {
			isa = PBXGroup;
			children = (
				DA5C00C756EC56DE13602503 /* Pods.debug.xcconfig */,
				2191EFCDC3E224734A81AEB7 /* Pods.release.xcconfig */,
				77B0418AD09E41086E724154 /* Pods-hacksmiths.debug.xcconfig */,
				45292B4C83993EE9BF28F373 /* Pods-hacksmiths.release.xcconfig */,
			);
			name = Pods;
			sourceTree = "<group>";
		};
		1F3DF12D1CFA306F0000BBC8 /* fonts-open-sans */ = {
			isa = PBXGroup;
			children = (
				1F3DF12E1CFA306F0000BBC8 /* Apache License Version 2.txt */,
				1F3DF12F1CFA306F0000BBC8 /* OpenSans-Bold.ttf */,
				1F3DF1301CFA306F0000BBC8 /* OpenSans-BoldItalic.ttf */,
				1F3DF1311CFA306F0000BBC8 /* OpenSans-ExtraBold.ttf */,
				1F3DF1321CFA306F0000BBC8 /* OpenSans-ExtraBoldItalic.ttf */,
				1F3DF1331CFA306F0000BBC8 /* OpenSans-Italic.ttf */,
				1F3DF1341CFA306F0000BBC8 /* OpenSans-Light.ttf */,
				1F3DF1351CFA306F0000BBC8 /* OpenSans-LightItalic.ttf */,
				1F3DF1361CFA306F0000BBC8 /* OpenSans-Regular.ttf */,
				1F3DF1371CFA306F0000BBC8 /* OpenSans-Semibold.ttf */,
				1F3DF1381CFA306F0000BBC8 /* OpenSans-SemiboldItalic.ttf */,
			);
			name = "fonts-open-sans";
			path = "fonts/fonts-open-sans";
			sourceTree = "<group>";
		};
		1F3DF14C1CFA7BFB0000BBC8 /* HelpLabel */ = {
			isa = PBXGroup;
			children = (
				1F3DF14A1CFA79DB0000BBC8 /* HelpLabelViewController.swift */,
				1F3DF1481CFA795A0000BBC8 /* HelpPageViewController.swift */,
			);
			name = HelpLabel;
			sourceTree = "<group>";
		};
		1F3DF1541CFB6A4D0000BBC8 /* Enrollment */ = {
			isa = PBXGroup;
			children = (
				1F3DF1551CFB6A620000BBC8 /* EnrollmentRouter.swift */,
				1F3DF1571CFB6C090000BBC8 /* EnrollmentService.swift */,
				1F3DF1591CFB6C3F0000BBC8 /* Enrollment.swift */,
				1F3DF15B1CFB6EDD0000BBC8 /* EnrollmentJSON.swift */,
			);
			name = Enrollment;
			sourceTree = "<group>";
		};
		1F3DF1A31CFC908F0000BBC8 /* ViewModel */ = {
			isa = PBXGroup;
			children = (
				1FC6DE461C9F6DC5000E8159 /* RegistrationViewModel.swift */,
			);
			name = ViewModel;
			sourceTree = "<group>";
		};
		1F3DF1A41CFC92150000BBC8 /* Registration */ = {
			isa = PBXGroup;
			children = (
				1F3DF1A51CFC922B0000BBC8 /* RegistrationJSON.swift */,
			);
			name = Registration;
			sourceTree = "<group>";
		};
		1F3DF1A71CFCA3C20000BBC8 /* Presenter */ = {
			isa = PBXGroup;
			children = (
			);
			name = Presenter;
			sourceTree = "<group>";
		};
		1F44B1BB1C5DDAC9004E196D /* Extensions */ = {
			isa = PBXGroup;
			children = (
				1FA5A4ED1C535A9500722E55 /* Extensions.swift */,
			);
			name = Extensions;
			sourceTree = "<group>";
		};
		1F44B1BC1C5DDB35004E196D /* Model */ = {
			isa = PBXGroup;
			children = (
				1F3DF1541CFB6A4D0000BBC8 /* Enrollment */,
				1F4E31571CF0E1980013F56E /* ProjectIdea */,
				1FAD7DAE1CEE5DAC0044BD94 /* User */,
				1FAD7DAD1CEE5D980044BD94 /* Person */,
				1F846CC81CED00C5009166D4 /* Participant */,
				1F846CCC1CED0173009166D4 /* Organization */,
				1F846CC51CECF7AE009166D4 /* Event */,
				1F846CC21CEBFD31009166D4 /* Core Data */,
				1F846CB11CEBADD9009166D4 /* Services */,
				1FA2E5641C6802B30085FC7D /* HacksmithsAPI */,
			);
			name = Model;
			sourceTree = "<group>";
		};
		1F498E131CF78C76009A5AB2 /* Presenter */ = {
			isa = PBXGroup;
			children = (
				1F498E141CF78C93009A5AB2 /* SettingsPresenter.swift */,
			);
			name = Presenter;
			sourceTree = "<group>";
		};
		1F498E161CF78F61009A5AB2 /* SettingsView */ = {
			isa = PBXGroup;
			children = (
				1FA5A4E71C53585500722E55 /* SettingsViewController.swift */,
			);
			name = SettingsView;
			sourceTree = "<group>";
		};
		1F4E31571CF0E1980013F56E /* ProjectIdea */ = {
			isa = PBXGroup;
			children = (
				1F4E31581CF0E1B10013F56E /* ProjectIdeaRouter.swift */,
				1F4E315A1CF0E1C20013F56E /* ProjectIdeaService.swift */,
				1F4E315C1CF0E1D30013F56E /* ProjectIdeaJSON.swift */,
				1F4E315E1CF1096A0013F56E /* ProjectIdea.swift */,
				1F4F7EC01CF4B4A800325CA9 /* ProjectIdeaSubmission.swift */,
				1F4F7EC21CF4B67000325CA9 /* ProjectIdeaSubmissionJSON.swift */,
			);
			name = ProjectIdea;
			sourceTree = "<group>";
		};
		1F4F7ECC1CF4E26E00325CA9 /* Profile */ = {
			isa = PBXGroup;
			children = (
				1F4F7ECE1CF4E28800325CA9 /* Service */,
				1F4F7ECD1CF4E27800325CA9 /* Model */,
			);
			name = Profile;
			sourceTree = "<group>";
		};
		1F4F7ECD1CF4E27800325CA9 /* Model */ = {
			isa = PBXGroup;
			children = (
				1F46B9EB1CA467250065D50D /* UserData.swift */,
				1F4F7ECA1CF4D5A200325CA9 /* UserJSONObject.swift */,
			);
			name = Model;
			sourceTree = "<group>";
		};
		1F4F7ECE1CF4E28800325CA9 /* Service */ = {
			isa = PBXGroup;
			children = (
				1F4F7ECF1CF4E4AF00325CA9 /* UserProfileService.swift */,
				1F4F7ED11CF4E4C000325CA9 /* UserProfileRouter.swift */,
			);
			name = Service;
			sourceTree = "<group>";
		};
		1F7701BB1C84B532006FBCE0 /* montserrat */ = {
			isa = PBXGroup;
			children = (
				1F7701BC1C84B532006FBCE0 /* Montserrat-Black.otf */,
				1F7701BD1C84B532006FBCE0 /* Montserrat-Bold.otf */,
				1F7701BE1C84B532006FBCE0 /* Montserrat-Hairline.otf */,
				1F7701BF1C84B532006FBCE0 /* Montserrat-Light.otf */,
				1F7701C01C84B532006FBCE0 /* Montserrat-Regular.otf */,
				1F7701C11C84B532006FBCE0 /* SIL Open Font License.txt */,
			);
			path = montserrat;
			sourceTree = "<group>";
		};
		1F846CB11CEBADD9009166D4 /* Services */ = {
			isa = PBXGroup;
			children = (
				1F846CB21CEBAF3C009166D4 /* BaseRouter.swift */,
				1F846CC01CEBFA5C009166D4 /* HTTPStatusCodes.swift */,
				1F384A871CF229D400E15887 /* HTTPManager.swift */,
			);
			name = Services;
			sourceTree = "<group>";
		};
		1F846CB61CEBB170009166D4 /* Support */ = {
			isa = PBXGroup;
			children = (
				1F846CB41CEBB153009166D4 /* APIKeys.plist */,
			);
			name = Support;
			path = ..;
			sourceTree = "<group>";
		};
		1F846CBA1CEBF547009166D4 /* ControllerModules */ = {
			isa = PBXGroup;
			children = (
				1F3DF14C1CFA7BFB0000BBC8 /* HelpLabel */,
				1FEA07C01CEFFCF500D4BDA7 /* IdeaSubmission */,
				1FAD7DB61CEE5F7A0044BD94 /* Community */,
				1FC6DE451C9F59EB000E8159 /* User & Auth */,
				1FAD7DB31CEE5F050044BD94 /* About */,
				1FAD7DB21CEE5EEA0044BD94 /* MainTabBar */,
				1F846CBB1CEBF56A009166D4 /* Event */,
			);
			name = ControllerModules;
			sourceTree = "<group>";
		};
		1F846CBB1CEBF56A009166D4 /* Event */ = {
			isa = PBXGroup;
			children = (
				1F846CBD1CEBF5AF009166D4 /* Presenter */,
				1F846CBC1CEBF5A6009166D4 /* View */,
			);
			name = Event;
			sourceTree = "<group>";
		};
		1F846CBC1CEBF5A6009166D4 /* View */ = {
			isa = PBXGroup;
			children = (
				1FA9FC9A1C53563700B993BC /* EventViewController.swift */,
			);
			name = View;
			sourceTree = "<group>";
		};
		1F846CBD1CEBF5AF009166D4 /* Presenter */ = {
			isa = PBXGroup;
			children = (
				1F846CBE1CEBF5E2009166D4 /* EventPresenter.swift */,
			);
			name = Presenter;
			sourceTree = "<group>";
		};
		1F846CC21CEBFD31009166D4 /* Core Data */ = {
			isa = PBXGroup;
			children = (
				1FA2E55E1C6802680085FC7D /* ImageCache.swift */,
				1F44B1B91C5DDAB9004E196D /* CoreDataStackManager.swift */,
			);
			name = "Core Data";
			sourceTree = "<group>";
		};
		1F846CC51CECF7AE009166D4 /* Event */ = {
			isa = PBXGroup;
			children = (
				1F846CB81CEBB4BE009166D4 /* EventRouter.swift */,
				1F846CAF1CEBADC7009166D4 /* EventService.swift */,
				1F3DF15F1CFBCABC0000BBC8 /* EventState.swift */,
				1FF998981C6FAEDE003D98B2 /* Event.swift */,
				1F846CC61CECF7D5009166D4 /* EventJSON.swift */,
				1FAD7DB81CEE64EB0044BD94 /* NextEventJSON.swift */,
				1F384A8C1CF25C3F00E15887 /* NextEvent.swift */,
				1F4F7EC41CF4BEFC00325CA9 /* EventFetcher.swift */,
			);
			name = Event;
			sourceTree = "<group>";
		};
		1F846CC81CED00C5009166D4 /* Participant */ = {
			isa = PBXGroup;
			children = (
				1F846CC91CED00E3009166D4 /* ParticipantJSON.swift */,
				1F846CCF1CED259D009166D4 /* Participant.swift */,
			);
			name = Participant;
			sourceTree = "<group>";
		};
		1F846CCC1CED0173009166D4 /* Organization */ = {
			isa = PBXGroup;
			children = (
				1FF9989C1C6FB060003D98B2 /* Organization.swift */,
				1F846CCD1CED0190009166D4 /* OrganizationJSON.swift */,
			);
			name = Organization;
			sourceTree = "<group>";
		};
		1FA2E5641C6802B30085FC7D /* HacksmithsAPI */ = {
			isa = PBXGroup;
			children = (
				1FA2E55C1C67FF550085FC7D /* HacksmithsAPIClient.swift */,
				1FA2E5601C68029C0085FC7D /* HacksmithsAPIConstants.swift */,
				1FA2E5621C6802AC0085FC7D /* HacksmithsAPIUserConvenience.swift */,
			);
			name = HacksmithsAPI;
			sourceTree = "<group>";
		};
		1FA5A53C1C53610300722E55 /* Resources */ = {
			isa = PBXGroup;
			children = (
				1FAD7DBD1CEE69C20044BD94 /* Storyboard & Assets */,
				1FAD7DBC1CEE69A10044BD94 /* App Configuration Files */,
				1FAD7DBB1CEE69870044BD94 /* Libraries */,
				1FAD7DBA1CEE696C0044BD94 /* Fonts */,
				1F4B4DF41C72574700A75F5D /* 1Password.xcassets */,
				1F4B4DF31C72574600A75F5D /* hacksmiths-Bridging-Header.h */,
			);
			name = Resources;
			sourceTree = "<group>";
		};
		1FA9FC5D1C534E5800B993BC = {
			isa = PBXGroup;
			children = (
				1FA9FC681C534E5900B993BC /* hacksmiths */,
				1FA5A53C1C53610300722E55 /* Resources */,
				1FA9FC801C534E5B00B993BC /* hacksmithsTests */,
				1FA9FC8B1C534E5B00B993BC /* hacksmithsUITests */,
				1FA9FC671C534E5800B993BC /* Products */,
				0D98368467E61E6AF42B9A62 /* Pods */,
				5CE27C4E7B61BD7247A81BCC /* Frameworks */,
			);
			sourceTree = "<group>";
		};
		1FA9FC671C534E5800B993BC /* Products */ = {
			isa = PBXGroup;
			children = (
				1FA9FC661C534E5800B993BC /* hacksmiths.app */,
				1FA9FC7D1C534E5B00B993BC /* hacksmithsTests.xctest */,
				1FA9FC881C534E5B00B993BC /* hacksmithsUITests.xctest */,
			);
			name = Products;
			sourceTree = "<group>";
		};
		1FA9FC681C534E5900B993BC /* hacksmiths */ = {
			isa = PBXGroup;
			children = (
				1FAD7DAF1CEE5DFC0044BD94 /* Global */,
				1F846CB61CEBB170009166D4 /* Support */,
				1F44B1BC1C5DDB35004E196D /* Model */,
				1FF998A21C713888003D98B2 /* View */,
				1F846CBA1CEBF547009166D4 /* ControllerModules */,
			);
			path = hacksmiths;
			sourceTree = "<group>";
		};
		1FA9FC801C534E5B00B993BC /* hacksmithsTests */ = {
			isa = PBXGroup;
			children = (
				1FA9FC811C534E5B00B993BC /* hacksmithsTests.swift */,
				1FA9FC831C534E5B00B993BC /* Info.plist */,
			);
			path = hacksmithsTests;
			sourceTree = "<group>";
		};
		1FA9FC8B1C534E5B00B993BC /* hacksmithsUITests */ = {
			isa = PBXGroup;
			children = (
				1FA9FC8C1C534E5B00B993BC /* hacksmithsUITests.swift */,
				1FA9FC8E1C534E5B00B993BC /* Info.plist */,
			);
			path = hacksmithsUITests;
			sourceTree = "<group>";
		};
		1FAD7DAD1CEE5D980044BD94 /* Person */ = {
			isa = PBXGroup;
			children = (
				1FF998961C6FAE3E003D98B2 /* Person.swift */,
			);
			name = Person;
			sourceTree = "<group>";
		};
		1FAD7DAE1CEE5DAC0044BD94 /* User */ = {
			isa = PBXGroup;
			children = (
				1F3DF1A41CFC92150000BBC8 /* Registration */,
				1F4F7ECC1CF4E26E00325CA9 /* Profile */,
				1F4B4DFE1C73A60400A75F5D /* UserService.swift */,
			);
			name = User;
			sourceTree = "<group>";
		};
		1FAD7DAF1CEE5DFC0044BD94 /* Global */ = {
			isa = PBXGroup;
			children = (
				1F44B1BB1C5DDAC9004E196D /* Extensions */,
				1FA9FC691C534E5900B993BC /* AppDelegate.swift */,
				1FA2E55A1C67FF020085FC7D /* GlobalConstants.swift */,
			);
			name = Global;
			sourceTree = "<group>";
		};
		1FAD7DB01CEE5ECE0044BD94 /* Registration */ = {
			isa = PBXGroup;
			children = (
				1F3DF1A71CFCA3C20000BBC8 /* Presenter */,
				1F3DF1A31CFC908F0000BBC8 /* ViewModel */,
				1FAD7DB11CEE5ED70044BD94 /* View */,
			);
			name = Registration;
			sourceTree = "<group>";
		};
		1FAD7DB11CEE5ED70044BD94 /* View */ = {
			isa = PBXGroup;
			children = (
				1F115B491CC0060900DC434E /* RegistrationPageViewController.swift */,
			);
			name = View;
			sourceTree = "<group>";
		};
		1FAD7DB21CEE5EEA0044BD94 /* MainTabBar */ = {
			isa = PBXGroup;
			children = (
				1FF998911C6EB359003D98B2 /* MainTabBarController.swift */,
			);
			name = MainTabBar;
			sourceTree = "<group>";
		};
		1FAD7DB31CEE5F050044BD94 /* About */ = {
			isa = PBXGroup;
			children = (
				1F26C3F61CA0B232001596D2 /* AboutViewController.swift */,
			);
			name = About;
			sourceTree = "<group>";
		};
		1FAD7DB41CEE5F140044BD94 /* Login */ = {
			isa = PBXGroup;
			children = (
				1FEA07CC1CF00BC400D4BDA7 /* View */,
				1FEA07CB1CF00BB100D4BDA7 /* Presenter */,
			);
			name = Login;
			sourceTree = "<group>";
		};
		1FAD7DB51CEE5F240044BD94 /* Join */ = {
			isa = PBXGroup;
			children = (
				1F4B4E001C74FCC400A75F5D /* JoinViewController.swift */,
			);
			name = Join;
			sourceTree = "<group>";
		};
		1FAD7DB61CEE5F7A0044BD94 /* Community */ = {
			isa = PBXGroup;
			children = (
				1FEA07BD1CEFD20700D4BDA7 /* View */,
				1FEA07BA1CEFD0D700D4BDA7 /* Presenter */,
			);
			name = Community;
			sourceTree = "<group>";
		};
		1FAD7DB71CEE5F8E0044BD94 /* Settings */ = {
			isa = PBXGroup;
			children = (
				1F498E161CF78F61009A5AB2 /* SettingsView */,
				1F498E131CF78C76009A5AB2 /* Presenter */,
			);
			name = Settings;
			sourceTree = "<group>";
		};
		1FAD7DBA1CEE696C0044BD94 /* Fonts */ = {
			isa = PBXGroup;
			children = (
				1F3DF12D1CFA306F0000BBC8 /* fonts-open-sans */,
				1F7701BB1C84B532006FBCE0 /* montserrat */,
			);
			name = Fonts;
			sourceTree = "<group>";
		};
		1FAD7DBB1CEE69870044BD94 /* Libraries */ = {
			isa = PBXGroup;
			children = (
				1F4B4DF51C72574700A75F5D /* OnePasswordExtension.h */,
				1F4B4DF61C72574700A75F5D /* OnePasswordExtension.m */,
			);
			name = Libraries;
			sourceTree = "<group>";
		};
		1FAD7DBC1CEE69A10044BD94 /* App Configuration Files */ = {
			isa = PBXGroup;
			children = (
				1FA9FC781C534E5A00B993BC /* Info.plist */,
				1FA9FC701C534E5A00B993BC /* hacksmiths.xcdatamodeld */,
			);
			name = "App Configuration Files";
			sourceTree = "<group>";
		};
		1FAD7DBD1CEE69C20044BD94 /* Storyboard & Assets */ = {
			isa = PBXGroup;
			children = (
				1FA9FC6D1C534E5A00B993BC /* Main.storyboard */,
				1FA9FC731C534E5A00B993BC /* Assets.xcassets */,
				1FA9FC751C534E5A00B993BC /* LaunchScreen.storyboard */,
			);
			name = "Storyboard & Assets";
			sourceTree = "<group>";
		};
		1FC6DE451C9F59EB000E8159 /* User & Auth */ = {
			isa = PBXGroup;
			children = (
				1FEF3FB41CED69E0007E4BF0 /* Profile */,
				1FAD7DB71CEE5F8E0044BD94 /* Settings */,
				1FAD7DB01CEE5ECE0044BD94 /* Registration */,
				1FAD7DB41CEE5F140044BD94 /* Login */,
				1FAD7DB51CEE5F240044BD94 /* Join */,
			);
			name = "User & Auth";
			sourceTree = "<group>";
		};
		1FEA07BA1CEFD0D700D4BDA7 /* Presenter */ = {
			isa = PBXGroup;
			children = (
				1FEA07BB1CEFD0F500D4BDA7 /* CommunityPresenter.swift */,
				1FEA07BE1CEFD22400D4BDA7 /* PersonPresenter.swift */,
			);
			name = Presenter;
			sourceTree = "<group>";
		};
		1FEA07BD1CEFD20700D4BDA7 /* View */ = {
			isa = PBXGroup;
			children = (
				1FA5A4EB1C53586D00722E55 /* CommunityViewController.swift */,
				1FE4B3121C6ADE050011ECAE /* PersonViewController.swift */,
			);
			name = View;
			sourceTree = "<group>";
		};
		1FEA07C01CEFFCF500D4BDA7 /* IdeaSubmission */ = {
			isa = PBXGroup;
			children = (
				1FEA07C61CEFFD4D00D4BDA7 /* View */,
				1FEA07C31CEFFD3500D4BDA7 /* Presenter */,
			);
			name = IdeaSubmission;
			sourceTree = "<group>";
		};
		1FEA07C31CEFFD3500D4BDA7 /* Presenter */ = {
			isa = PBXGroup;
			children = (
				1FEA07C11CEFFD2E00D4BDA7 /* IdeaSubmissionPresenter.swift */,
				1F4E31551CF0DB3A0013F56E /* IdeaPagePresenter.swift */,
			);
			name = Presenter;
			sourceTree = "<group>";
		};
		1FEA07C61CEFFD4D00D4BDA7 /* View */ = {
			isa = PBXGroup;
			children = (
				1FEA07C71CEFFE3800D4BDA7 /* IdeaPageViewController.swift */,
				1FEA07C41CEFFD4700D4BDA7 /* IdeaSubmissionViewController.swift */,
			);
			name = View;
			sourceTree = "<group>";
		};
		1FEA07CB1CF00BB100D4BDA7 /* Presenter */ = {
			isa = PBXGroup;
			children = (
				1FEA07CD1CF00BE400D4BDA7 /* LoginPresenter.swift */,
			);
			name = Presenter;
			sourceTree = "<group>";
		};
		1FEA07CC1CF00BC400D4BDA7 /* View */ = {
			isa = PBXGroup;
			children = (
				1FA5A4EF1C535D6C00722E55 /* LoginViewController.swift */,
			);
			name = View;
			sourceTree = "<group>";
		};
		1FEF3FB41CED69E0007E4BF0 /* Profile */ = {
			isa = PBXGroup;
			children = (
				1FEF3FB61CED69FA007E4BF0 /* View */,
				1FEF3FB51CED69F1007E4BF0 /* Presenter */,
			);
			name = Profile;
			sourceTree = "<group>";
		};
		1FEF3FB51CED69F1007E4BF0 /* Presenter */ = {
			isa = PBXGroup;
			children = (
				1F3DF1521CFB083E0000BBC8 /* EditProfilePresenter.swift */,
				1F4F7EC81CF4D50C00325CA9 /* ProfilePresenter.swift */,
			);
			name = Presenter;
			sourceTree = "<group>";
		};
		1FEF3FB61CED69FA007E4BF0 /* View */ = {
			isa = PBXGroup;
			children = (
				1F3DF1501CFABE0E0000BBC8 /* EditProfileViewController.swift */,
				1FC6DE3D1C9F36BF000E8159 /* ProfileViewController.swift */,
			);
			name = View;
			sourceTree = "<group>";
		};
		1FF998A21C713888003D98B2 /* View */ = {
			isa = PBXGroup;
			children = (
				1FF998A01C71387C003D98B2 /* PersonTableViewCell.swift */,
				1F6C69E71CCC6BB700F15247 /* ParticipantCollectionViewCell.swift */,
				1FE5F91A1CD8288800487CA8 /* RCCircularImageView.swift */,
				1F846CC31CEC03C5009166D4 /* IGActivityIndicatorView.swift */,
			);
			name = View;
			sourceTree = "<group>";
		};
		5CE27C4E7B61BD7247A81BCC /* Frameworks */ = {
			isa = PBXGroup;
			children = (
				2F01D804491290ED3ADAFE2E /* Pods.framework */,
				F1D439823755832D7DEC3CC3 /* Pods_hacksmiths.framework */,
			);
			name = Frameworks;
			sourceTree = "<group>";
		};
/* End PBXGroup section */

/* Begin PBXNativeTarget section */
		1FA9FC651C534E5800B993BC /* hacksmiths */ = {
			isa = PBXNativeTarget;
			buildConfigurationList = 1FA9FC911C534E5B00B993BC /* Build configuration list for PBXNativeTarget "hacksmiths" */;
			buildPhases = (
				0D19B5465EFB07AF67260C36 /* Check Pods Manifest.lock */,
				1FA9FC621C534E5800B993BC /* Sources */,
				1FA9FC631C534E5800B993BC /* Frameworks */,
				1FA9FC641C534E5800B993BC /* Resources */,
				686868FF38755BD487F09D94 /* Embed Pods Frameworks */,
				C11D7ED81861E686D1E330D8 /* Copy Pods Resources */,
			);
			buildRules = (
			);
			dependencies = (
			);
			name = hacksmiths;
			productName = hacksmiths;
			productReference = 1FA9FC661C534E5800B993BC /* hacksmiths.app */;
			productType = "com.apple.product-type.application";
		};
		1FA9FC7C1C534E5B00B993BC /* hacksmithsTests */ = {
			isa = PBXNativeTarget;
			buildConfigurationList = 1FA9FC941C534E5B00B993BC /* Build configuration list for PBXNativeTarget "hacksmithsTests" */;
			buildPhases = (
				1FA9FC791C534E5B00B993BC /* Sources */,
				1FA9FC7A1C534E5B00B993BC /* Frameworks */,
				1FA9FC7B1C534E5B00B993BC /* Resources */,
			);
			buildRules = (
			);
			dependencies = (
				1FA9FC7F1C534E5B00B993BC /* PBXTargetDependency */,
			);
			name = hacksmithsTests;
			productName = hacksmithsTests;
			productReference = 1FA9FC7D1C534E5B00B993BC /* hacksmithsTests.xctest */;
			productType = "com.apple.product-type.bundle.unit-test";
		};
		1FA9FC871C534E5B00B993BC /* hacksmithsUITests */ = {
			isa = PBXNativeTarget;
			buildConfigurationList = 1FA9FC971C534E5B00B993BC /* Build configuration list for PBXNativeTarget "hacksmithsUITests" */;
			buildPhases = (
				1FA9FC841C534E5B00B993BC /* Sources */,
				1FA9FC851C534E5B00B993BC /* Frameworks */,
				1FA9FC861C534E5B00B993BC /* Resources */,
			);
			buildRules = (
			);
			dependencies = (
				1FA9FC8A1C534E5B00B993BC /* PBXTargetDependency */,
			);
			name = hacksmithsUITests;
			productName = hacksmithsUITests;
			productReference = 1FA9FC881C534E5B00B993BC /* hacksmithsUITests.xctest */;
			productType = "com.apple.product-type.bundle.ui-testing";
		};
/* End PBXNativeTarget section */

/* Begin PBXProject section */
		1FA9FC5E1C534E5800B993BC /* Project object */ = {
			isa = PBXProject;
			attributes = {
				LastSwiftUpdateCheck = 0720;
				LastUpgradeCheck = 0720;
				ORGANIZATIONNAME = "Tech Rapport";
				TargetAttributes = {
					1FA9FC651C534E5800B993BC = {
						CreatedOnToolsVersion = 7.2;
						DevelopmentTeam = J9WHKA9AQZ;
					};
					1FA9FC7C1C534E5B00B993BC = {
						CreatedOnToolsVersion = 7.2;
						TestTargetID = 1FA9FC651C534E5800B993BC;
					};
					1FA9FC871C534E5B00B993BC = {
						CreatedOnToolsVersion = 7.2;
						TestTargetID = 1FA9FC651C534E5800B993BC;
					};
				};
			};
			buildConfigurationList = 1FA9FC611C534E5800B993BC /* Build configuration list for PBXProject "hacksmiths" */;
			compatibilityVersion = "Xcode 3.2";
			developmentRegion = English;
			hasScannedForEncodings = 0;
			knownRegions = (
				en,
				Base,
			);
			mainGroup = 1FA9FC5D1C534E5800B993BC;
			productRefGroup = 1FA9FC671C534E5800B993BC /* Products */;
			projectDirPath = "";
			projectRoot = "";
			targets = (
				1FA9FC651C534E5800B993BC /* hacksmiths */,
				1FA9FC7C1C534E5B00B993BC /* hacksmithsTests */,
				1FA9FC871C534E5B00B993BC /* hacksmithsUITests */,
			);
		};
/* End PBXProject section */

/* Begin PBXResourcesBuildPhase section */
		1FA9FC641C534E5800B993BC /* Resources */ = {
			isa = PBXResourcesBuildPhase;
			buildActionMask = 2147483647;
			files = (
				1F4B4DF71C72574700A75F5D /* 1Password.xcassets in Resources */,
				1F3DF1391CFA306F0000BBC8 /* Apache License Version 2.txt in Resources */,
				1F3DF13C1CFA306F0000BBC8 /* OpenSans-ExtraBold.ttf in Resources */,
				1F3DF1431CFA306F0000BBC8 /* OpenSans-SemiboldItalic.ttf in Resources */,
				1F7701C61C84B532006FBCE0 /* Montserrat-Regular.otf in Resources */,
				1F3DF1401CFA306F0000BBC8 /* OpenSans-LightItalic.ttf in Resources */,
				1FA9FC771C534E5A00B993BC /* LaunchScreen.storyboard in Resources */,
				1F3DF13A1CFA306F0000BBC8 /* OpenSans-Bold.ttf in Resources */,
				1F846CB51CEBB153009166D4 /* APIKeys.plist in Resources */,
				1F3DF13D1CFA306F0000BBC8 /* OpenSans-ExtraBoldItalic.ttf in Resources */,
				1F7701C41C84B532006FBCE0 /* Montserrat-Hairline.otf in Resources */,
				1F3DF13F1CFA306F0000BBC8 /* OpenSans-Light.ttf in Resources */,
				1F7701C51C84B532006FBCE0 /* Montserrat-Light.otf in Resources */,
				1F3DF13B1CFA306F0000BBC8 /* OpenSans-BoldItalic.ttf in Resources */,
				1F3DF1421CFA306F0000BBC8 /* OpenSans-Semibold.ttf in Resources */,
				1F7701C71C84B532006FBCE0 /* SIL Open Font License.txt in Resources */,
				1F3DF1411CFA306F0000BBC8 /* OpenSans-Regular.ttf in Resources */,
				1F7701C21C84B532006FBCE0 /* Montserrat-Black.otf in Resources */,
				1F7701C31C84B532006FBCE0 /* Montserrat-Bold.otf in Resources */,
				1F3DF13E1CFA306F0000BBC8 /* OpenSans-Italic.ttf in Resources */,
				1FA9FC741C534E5A00B993BC /* Assets.xcassets in Resources */,
				1FA9FC6F1C534E5A00B993BC /* Main.storyboard in Resources */,
			);
			runOnlyForDeploymentPostprocessing = 0;
		};
		1FA9FC7B1C534E5B00B993BC /* Resources */ = {
			isa = PBXResourcesBuildPhase;
			buildActionMask = 2147483647;
			files = (
			);
			runOnlyForDeploymentPostprocessing = 0;
		};
		1FA9FC861C534E5B00B993BC /* Resources */ = {
			isa = PBXResourcesBuildPhase;
			buildActionMask = 2147483647;
			files = (
			);
			runOnlyForDeploymentPostprocessing = 0;
		};
/* End PBXResourcesBuildPhase section */

/* Begin PBXShellScriptBuildPhase section */
		0D19B5465EFB07AF67260C36 /* Check Pods Manifest.lock */ = {
			isa = PBXShellScriptBuildPhase;
			buildActionMask = 2147483647;
			files = (
			);
			inputPaths = (
			);
			name = "Check Pods Manifest.lock";
			outputPaths = (
			);
			runOnlyForDeploymentPostprocessing = 0;
			shellPath = /bin/sh;
			shellScript = "diff \"${PODS_ROOT}/../Podfile.lock\" \"${PODS_ROOT}/Manifest.lock\" > /dev/null\nif [[ $? != 0 ]] ; then\n    cat << EOM\nerror: The sandbox is not in sync with the Podfile.lock. Run 'pod install' or update your CocoaPods installation.\nEOM\n    exit 1\nfi\n";
			showEnvVarsInLog = 0;
		};
		686868FF38755BD487F09D94 /* Embed Pods Frameworks */ = {
			isa = PBXShellScriptBuildPhase;
			buildActionMask = 2147483647;
			files = (
			);
			inputPaths = (
			);
			name = "Embed Pods Frameworks";
			outputPaths = (
			);
			runOnlyForDeploymentPostprocessing = 0;
			shellPath = /bin/sh;
			shellScript = "\"${SRCROOT}/Pods/Target Support Files/Pods-hacksmiths/Pods-hacksmiths-frameworks.sh\"\n";
			showEnvVarsInLog = 0;
		};
		C11D7ED81861E686D1E330D8 /* Copy Pods Resources */ = {
			isa = PBXShellScriptBuildPhase;
			buildActionMask = 2147483647;
			files = (
			);
			inputPaths = (
			);
			name = "Copy Pods Resources";
			outputPaths = (
			);
			runOnlyForDeploymentPostprocessing = 0;
			shellPath = /bin/sh;
			shellScript = "\"${SRCROOT}/Pods/Target Support Files/Pods-hacksmiths/Pods-hacksmiths-resources.sh\"\n";
			showEnvVarsInLog = 0;
		};
/* End PBXShellScriptBuildPhase section */

/* Begin PBXSourcesBuildPhase section */
		1FA9FC621C534E5800B993BC /* Sources */ = {
			isa = PBXSourcesBuildPhase;
			buildActionMask = 2147483647;
			files = (
				1FA2E55F1C6802680085FC7D /* ImageCache.swift in Sources */,
				1FA9FC9B1C53563700B993BC /* EventViewController.swift in Sources */,
				1F3DF1491CFA795A0000BBC8 /* HelpPageViewController.swift in Sources */,
				1FA5A4EC1C53586D00722E55 /* CommunityViewController.swift in Sources */,
				1F4F7ECB1CF4D5A200325CA9 /* UserJSONObject.swift in Sources */,
				1F4F7EC91CF4D50C00325CA9 /* ProfilePresenter.swift in Sources */,
				1FA5A4E81C53585500722E55 /* SettingsViewController.swift in Sources */,
				1FA2E55B1C67FF020085FC7D /* GlobalConstants.swift in Sources */,
				1F846CB31CEBAF3C009166D4 /* BaseRouter.swift in Sources */,
				1F846CB01CEBADC8009166D4 /* EventService.swift in Sources */,
				1FEA07CE1CF00BE400D4BDA7 /* LoginPresenter.swift in Sources */,
				1FE4B3131C6ADE050011ECAE /* PersonViewController.swift in Sources */,
				1F846CC71CECF7D5009166D4 /* EventJSON.swift in Sources */,
				1F4F7EC31CF4B67000325CA9 /* ProjectIdeaSubmissionJSON.swift in Sources */,
				1F846CD01CED259D009166D4 /* Participant.swift in Sources */,
				1F3DF14B1CFA79DB0000BBC8 /* HelpLabelViewController.swift in Sources */,
				1FEA07BF1CEFD22400D4BDA7 /* PersonPresenter.swift in Sources */,
				1F846CBF1CEBF5E2009166D4 /* EventPresenter.swift in Sources */,
				1FA2E55D1C67FF550085FC7D /* HacksmithsAPIClient.swift in Sources */,
				1F6C69E81CCC6BB700F15247 /* ParticipantCollectionViewCell.swift in Sources */,
				1FC6DE3E1C9F36BF000E8159 /* ProfileViewController.swift in Sources */,
				1F3DF1531CFB083E0000BBC8 /* EditProfilePresenter.swift in Sources */,
				1F846CCE1CED0190009166D4 /* OrganizationJSON.swift in Sources */,
				1F44B1BA1C5DDAB9004E196D /* CoreDataStackManager.swift in Sources */,
				1FE5F91B1CD8288800487CA8 /* RCCircularImageView.swift in Sources */,
				1F4B4DF81C72574700A75F5D /* OnePasswordExtension.m in Sources */,
				1F3DF1601CFBCABC0000BBC8 /* EventState.swift in Sources */,
				1FEA07BC1CEFD0F500D4BDA7 /* CommunityPresenter.swift in Sources */,
				1FF9989D1C6FB060003D98B2 /* Organization.swift in Sources */,
				1F846CC41CEC03C5009166D4 /* IGActivityIndicatorView.swift in Sources */,
				1F846CCA1CED00E3009166D4 /* ParticipantJSON.swift in Sources */,
				1F3DF15A1CFB6C3F0000BBC8 /* Enrollment.swift in Sources */,
				1FF998991C6FAEDE003D98B2 /* Event.swift in Sources */,
				1FC6DE471C9F6DC5000E8159 /* RegistrationViewModel.swift in Sources */,
				1F4F7ED01CF4E4AF00325CA9 /* UserProfileService.swift in Sources */,
				1F4E315D1CF0E1D30013F56E /* ProjectIdeaJSON.swift in Sources */,
				1F4E31561CF0DB3A0013F56E /* IdeaPagePresenter.swift in Sources */,
				1F4F7ED21CF4E4C000325CA9 /* UserProfileRouter.swift in Sources */,
				1FA5A4EE1C535A9500722E55 /* Extensions.swift in Sources */,
				1F4B4DFF1C73A60400A75F5D /* UserService.swift in Sources */,
				1F46B9EC1CA467250065D50D /* UserData.swift in Sources */,
				1FA9FC721C534E5A00B993BC /* hacksmiths.xcdatamodeld in Sources */,
				1FEA07C81CEFFE3800D4BDA7 /* IdeaPageViewController.swift in Sources */,
				1F846CC11CEBFA5C009166D4 /* HTTPStatusCodes.swift in Sources */,
				1F3DF1A61CFC922B0000BBC8 /* RegistrationJSON.swift in Sources */,
				1FA2E5631C6802AC0085FC7D /* HacksmithsAPIUserConvenience.swift in Sources */,
				1F3DF1511CFABE0E0000BBC8 /* EditProfileViewController.swift in Sources */,
				1F4F7EC11CF4B4A800325CA9 /* ProjectIdeaSubmission.swift in Sources */,
				1F384A8D1CF25C3F00E15887 /* NextEvent.swift in Sources */,
				1FAD7DB91CEE64EB0044BD94 /* NextEventJSON.swift in Sources */,
				1F3DF15C1CFB6EDD0000BBC8 /* EnrollmentJSON.swift in Sources */,
				1FF998A11C71387C003D98B2 /* PersonTableViewCell.swift in Sources */,
				1F4B4E011C74FCC400A75F5D /* JoinViewController.swift in Sources */,
				1F26C3F71CA0B232001596D2 /* AboutViewController.swift in Sources */,
				1FA2E5611C68029C0085FC7D /* HacksmithsAPIConstants.swift in Sources */,
				1FF998921C6EB359003D98B2 /* MainTabBarController.swift in Sources */,
				1FA9FC6A1C534E5900B993BC /* AppDelegate.swift in Sources */,
				1F4F7EC51CF4BEFC00325CA9 /* EventFetcher.swift in Sources */,
				1F4E315F1CF1096A0013F56E /* ProjectIdea.swift in Sources */,
				1FA5A4F01C535D6C00722E55 /* LoginViewController.swift in Sources */,
				1FF998971C6FAE3E003D98B2 /* Person.swift in Sources */,
				1F4E315B1CF0E1C20013F56E /* ProjectIdeaService.swift in Sources */,
				1F115B4A1CC0060900DC434E /* RegistrationPageViewController.swift in Sources */,
				1F498E151CF78C93009A5AB2 /* SettingsPresenter.swift in Sources */,
				1F384A881CF229D400E15887 /* HTTPManager.swift in Sources */,
				1F4E31591CF0E1B10013F56E /* ProjectIdeaRouter.swift in Sources */,
				1F3DF1581CFB6C090000BBC8 /* EnrollmentService.swift in Sources */,
				1F846CB91CEBB4BE009166D4 /* EventRouter.swift in Sources */,
				1FEA07C51CEFFD4700D4BDA7 /* IdeaSubmissionViewController.swift in Sources */,
				1FEA07C21CEFFD2E00D4BDA7 /* IdeaSubmissionPresenter.swift in Sources */,
				1F3DF1561CFB6A630000BBC8 /* EnrollmentRouter.swift in Sources */,
			);
			runOnlyForDeploymentPostprocessing = 0;
		};
		1FA9FC791C534E5B00B993BC /* Sources */ = {
			isa = PBXSourcesBuildPhase;
			buildActionMask = 2147483647;
			files = (
				1FA9FC821C534E5B00B993BC /* hacksmithsTests.swift in Sources */,
			);
			runOnlyForDeploymentPostprocessing = 0;
		};
		1FA9FC841C534E5B00B993BC /* Sources */ = {
			isa = PBXSourcesBuildPhase;
			buildActionMask = 2147483647;
			files = (
				1FA9FC8D1C534E5B00B993BC /* hacksmithsUITests.swift in Sources */,
			);
			runOnlyForDeploymentPostprocessing = 0;
		};
/* End PBXSourcesBuildPhase section */

/* Begin PBXTargetDependency section */
		1FA9FC7F1C534E5B00B993BC /* PBXTargetDependency */ = {
			isa = PBXTargetDependency;
			target = 1FA9FC651C534E5800B993BC /* hacksmiths */;
			targetProxy = 1FA9FC7E1C534E5B00B993BC /* PBXContainerItemProxy */;
		};
		1FA9FC8A1C534E5B00B993BC /* PBXTargetDependency */ = {
			isa = PBXTargetDependency;
			target = 1FA9FC651C534E5800B993BC /* hacksmiths */;
			targetProxy = 1FA9FC891C534E5B00B993BC /* PBXContainerItemProxy */;
		};
/* End PBXTargetDependency section */

/* Begin PBXVariantGroup section */
		1FA9FC6D1C534E5A00B993BC /* Main.storyboard */ = {
			isa = PBXVariantGroup;
			children = (
				1FA9FC6E1C534E5A00B993BC /* Base */,
			);
			name = Main.storyboard;
			path = hacksmiths;
			sourceTree = "<group>";
		};
		1FA9FC751C534E5A00B993BC /* LaunchScreen.storyboard */ = {
			isa = PBXVariantGroup;
			children = (
				1FA9FC761C534E5A00B993BC /* Base */,
			);
			name = LaunchScreen.storyboard;
			path = hacksmiths;
			sourceTree = "<group>";
		};
/* End PBXVariantGroup section */

/* Begin XCBuildConfiguration section */
		1FA9FC8F1C534E5B00B993BC /* Debug */ = {
			isa = XCBuildConfiguration;
			buildSettings = {
				ALWAYS_SEARCH_USER_PATHS = NO;
				CLANG_CXX_LANGUAGE_STANDARD = "gnu++0x";
				CLANG_CXX_LIBRARY = "libc++";
				CLANG_ENABLE_MODULES = YES;
				CLANG_ENABLE_OBJC_ARC = YES;
				CLANG_WARN_BOOL_CONVERSION = YES;
				CLANG_WARN_CONSTANT_CONVERSION = YES;
				CLANG_WARN_DIRECT_OBJC_ISA_USAGE = YES_ERROR;
				CLANG_WARN_EMPTY_BODY = YES;
				CLANG_WARN_ENUM_CONVERSION = YES;
				CLANG_WARN_INT_CONVERSION = YES;
				CLANG_WARN_OBJC_ROOT_CLASS = YES_ERROR;
				CLANG_WARN_UNREACHABLE_CODE = YES;
				CLANG_WARN__DUPLICATE_METHOD_MATCH = YES;
				"CODE_SIGN_IDENTITY[sdk=iphoneos*]" = "iPhone Developer";
				COPY_PHASE_STRIP = NO;
				DEBUG_INFORMATION_FORMAT = dwarf;
				ENABLE_STRICT_OBJC_MSGSEND = YES;
				ENABLE_TESTABILITY = YES;
				GCC_C_LANGUAGE_STANDARD = gnu99;
				GCC_DYNAMIC_NO_PIC = NO;
				GCC_NO_COMMON_BLOCKS = YES;
				GCC_OPTIMIZATION_LEVEL = 0;
				GCC_PREPROCESSOR_DEFINITIONS = (
					"DEBUG=1",
					"$(inherited)",
				);
				GCC_WARN_64_TO_32_BIT_CONVERSION = YES;
				GCC_WARN_ABOUT_RETURN_TYPE = YES_ERROR;
				GCC_WARN_UNDECLARED_SELECTOR = YES;
				GCC_WARN_UNINITIALIZED_AUTOS = YES_AGGRESSIVE;
				GCC_WARN_UNUSED_FUNCTION = YES;
				GCC_WARN_UNUSED_VARIABLE = YES;
				IPHONEOS_DEPLOYMENT_TARGET = 9.2;
				MTL_ENABLE_DEBUG_INFO = YES;
				ONLY_ACTIVE_ARCH = YES;
				SDKROOT = iphoneos;
				SWIFT_OPTIMIZATION_LEVEL = "-Onone";
			};
			name = Debug;
		};
		1FA9FC901C534E5B00B993BC /* Release */ = {
			isa = XCBuildConfiguration;
			buildSettings = {
				ALWAYS_SEARCH_USER_PATHS = NO;
				CLANG_CXX_LANGUAGE_STANDARD = "gnu++0x";
				CLANG_CXX_LIBRARY = "libc++";
				CLANG_ENABLE_MODULES = YES;
				CLANG_ENABLE_OBJC_ARC = YES;
				CLANG_WARN_BOOL_CONVERSION = YES;
				CLANG_WARN_CONSTANT_CONVERSION = YES;
				CLANG_WARN_DIRECT_OBJC_ISA_USAGE = YES_ERROR;
				CLANG_WARN_EMPTY_BODY = YES;
				CLANG_WARN_ENUM_CONVERSION = YES;
				CLANG_WARN_INT_CONVERSION = YES;
				CLANG_WARN_OBJC_ROOT_CLASS = YES_ERROR;
				CLANG_WARN_UNREACHABLE_CODE = YES;
				CLANG_WARN__DUPLICATE_METHOD_MATCH = YES;
				"CODE_SIGN_IDENTITY[sdk=iphoneos*]" = "iPhone Developer";
				COPY_PHASE_STRIP = NO;
				DEBUG_INFORMATION_FORMAT = "dwarf-with-dsym";
				ENABLE_NS_ASSERTIONS = NO;
				ENABLE_STRICT_OBJC_MSGSEND = YES;
				GCC_C_LANGUAGE_STANDARD = gnu99;
				GCC_NO_COMMON_BLOCKS = YES;
				GCC_WARN_64_TO_32_BIT_CONVERSION = YES;
				GCC_WARN_ABOUT_RETURN_TYPE = YES_ERROR;
				GCC_WARN_UNDECLARED_SELECTOR = YES;
				GCC_WARN_UNINITIALIZED_AUTOS = YES_AGGRESSIVE;
				GCC_WARN_UNUSED_FUNCTION = YES;
				GCC_WARN_UNUSED_VARIABLE = YES;
				IPHONEOS_DEPLOYMENT_TARGET = 9.2;
				MTL_ENABLE_DEBUG_INFO = NO;
				SDKROOT = iphoneos;
				VALIDATE_PRODUCT = YES;
			};
			name = Release;
		};
		1FA9FC921C534E5B00B993BC /* Debug */ = {
			isa = XCBuildConfiguration;
			baseConfigurationReference = 77B0418AD09E41086E724154 /* Pods-hacksmiths.debug.xcconfig */;
			buildSettings = {
				ASSETCATALOG_COMPILER_APPICON_NAME = AppIcon;
				CLANG_ENABLE_MODULES = YES;
				CODE_SIGN_IDENTITY = "iPhone Developer";
				"CODE_SIGN_IDENTITY[sdk=iphoneos*]" = "iPhone Developer";
				INFOPLIST_FILE = hacksmiths/Info.plist;
				IPHONEOS_DEPLOYMENT_TARGET = 9.0;
				LD_RUNPATH_SEARCH_PATHS = "$(inherited) @executable_path/Frameworks";
				PRODUCT_BUNDLE_IDENTIFIER = io.hacksmiths.app;
				PRODUCT_NAME = "$(TARGET_NAME)";
				PROVISIONING_PROFILE = "";
				SWIFT_OBJC_BRIDGING_HEADER = "hacksmiths-Bridging-Header.h";
				SWIFT_OPTIMIZATION_LEVEL = "-Onone";
			};
			name = Debug;
		};
		1FA9FC931C534E5B00B993BC /* Release */ = {
			isa = XCBuildConfiguration;
			baseConfigurationReference = 45292B4C83993EE9BF28F373 /* Pods-hacksmiths.release.xcconfig */;
			buildSettings = {
				ASSETCATALOG_COMPILER_APPICON_NAME = AppIcon;
				CLANG_ENABLE_MODULES = YES;
				CODE_SIGN_IDENTITY = "iPhone Developer";
				"CODE_SIGN_IDENTITY[sdk=iphoneos*]" = "iPhone Developer";
				INFOPLIST_FILE = hacksmiths/Info.plist;
				IPHONEOS_DEPLOYMENT_TARGET = 9.0;
				LD_RUNPATH_SEARCH_PATHS = "$(inherited) @executable_path/Frameworks";
				PRODUCT_BUNDLE_IDENTIFIER = io.hacksmiths.app;
				PRODUCT_NAME = "$(TARGET_NAME)";
				PROVISIONING_PROFILE = "";
				SWIFT_OBJC_BRIDGING_HEADER = "hacksmiths-Bridging-Header.h";
			};
			name = Release;
		};
		1FA9FC951C534E5B00B993BC /* Debug */ = {
			isa = XCBuildConfiguration;
			buildSettings = {
				BUNDLE_LOADER = "$(TEST_HOST)";
				INFOPLIST_FILE = hacksmithsTests/Info.plist;
				LD_RUNPATH_SEARCH_PATHS = "$(inherited) @executable_path/Frameworks @loader_path/Frameworks";
				PRODUCT_BUNDLE_IDENTIFIER = com.TechRapport.hacksmithsTests;
				PRODUCT_NAME = "$(TARGET_NAME)";
				TEST_HOST = "$(BUILT_PRODUCTS_DIR)/hacksmiths.app/hacksmiths";
			};
			name = Debug;
		};
		1FA9FC961C534E5B00B993BC /* Release */ = {
			isa = XCBuildConfiguration;
			buildSettings = {
				BUNDLE_LOADER = "$(TEST_HOST)";
				INFOPLIST_FILE = hacksmithsTests/Info.plist;
				LD_RUNPATH_SEARCH_PATHS = "$(inherited) @executable_path/Frameworks @loader_path/Frameworks";
				PRODUCT_BUNDLE_IDENTIFIER = com.TechRapport.hacksmithsTests;
				PRODUCT_NAME = "$(TARGET_NAME)";
				TEST_HOST = "$(BUILT_PRODUCTS_DIR)/hacksmiths.app/hacksmiths";
			};
			name = Release;
		};
		1FA9FC981C534E5B00B993BC /* Debug */ = {
			isa = XCBuildConfiguration;
			buildSettings = {
				INFOPLIST_FILE = hacksmithsUITests/Info.plist;
				LD_RUNPATH_SEARCH_PATHS = "$(inherited) @executable_path/Frameworks @loader_path/Frameworks";
				PRODUCT_BUNDLE_IDENTIFIER = com.TechRapport.hacksmithsUITests;
				PRODUCT_NAME = "$(TARGET_NAME)";
				TEST_TARGET_NAME = hacksmiths;
				USES_XCTRUNNER = YES;
			};
			name = Debug;
		};
		1FA9FC991C534E5B00B993BC /* Release */ = {
			isa = XCBuildConfiguration;
			buildSettings = {
				INFOPLIST_FILE = hacksmithsUITests/Info.plist;
				LD_RUNPATH_SEARCH_PATHS = "$(inherited) @executable_path/Frameworks @loader_path/Frameworks";
				PRODUCT_BUNDLE_IDENTIFIER = com.TechRapport.hacksmithsUITests;
				PRODUCT_NAME = "$(TARGET_NAME)";
				TEST_TARGET_NAME = hacksmiths;
				USES_XCTRUNNER = YES;
			};
			name = Release;
		};
/* End XCBuildConfiguration section */

/* Begin XCConfigurationList section */
		1FA9FC611C534E5800B993BC /* Build configuration list for PBXProject "hacksmiths" */ = {
			isa = XCConfigurationList;
			buildConfigurations = (
				1FA9FC8F1C534E5B00B993BC /* Debug */,
				1FA9FC901C534E5B00B993BC /* Release */,
			);
			defaultConfigurationIsVisible = 0;
			defaultConfigurationName = Release;
		};
		1FA9FC911C534E5B00B993BC /* Build configuration list for PBXNativeTarget "hacksmiths" */ = {
			isa = XCConfigurationList;
			buildConfigurations = (
				1FA9FC921C534E5B00B993BC /* Debug */,
				1FA9FC931C534E5B00B993BC /* Release */,
			);
			defaultConfigurationIsVisible = 0;
			defaultConfigurationName = Release;
		};
		1FA9FC941C534E5B00B993BC /* Build configuration list for PBXNativeTarget "hacksmithsTests" */ = {
			isa = XCConfigurationList;
			buildConfigurations = (
				1FA9FC951C534E5B00B993BC /* Debug */,
				1FA9FC961C534E5B00B993BC /* Release */,
			);
			defaultConfigurationIsVisible = 0;
			defaultConfigurationName = Release;
		};
		1FA9FC971C534E5B00B993BC /* Build configuration list for PBXNativeTarget "hacksmithsUITests" */ = {
			isa = XCConfigurationList;
			buildConfigurations = (
				1FA9FC981C534E5B00B993BC /* Debug */,
				1FA9FC991C534E5B00B993BC /* Release */,
			);
			defaultConfigurationIsVisible = 0;
			defaultConfigurationName = Release;
		};
/* End XCConfigurationList section */

/* Begin XCVersionGroup section */
		1FA9FC701C534E5A00B993BC /* hacksmiths.xcdatamodeld */ = {
			isa = XCVersionGroup;
			children = (
				1FA9FC711C534E5A00B993BC /* hacksmiths.xcdatamodel */,
			);
			currentVersion = 1FA9FC711C534E5A00B993BC /* hacksmiths.xcdatamodel */;
			name = hacksmiths.xcdatamodeld;
			path = hacksmiths/hacksmiths.xcdatamodeld;
			sourceTree = "<group>";
			versionGroupType = wrapper.xcdatamodel;
		};
/* End XCVersionGroup section */
	};
	rootObject = 1FA9FC5E1C534E5800B993BC /* Project object */;
}
